// !$*UTF8*$!
{
	archiveVersion = 1;
	classes = {
	};
	objectVersion = 77;
	objects = {

/* Begin PBXBuildFile section */
		3A2834022EDDD754006CDDA5 /* BookingScreen.storyboard in Resources */ = {isa = PBXBuildFile; fileRef = 3A2834012EDDD754006CDDA5 /* BookingScreen.storyboard */; };
		7F68C3D02EDD93C5005B29E6 /* AppDelegate.swift in Sources */ = {isa = PBXBuildFile; fileRef = 7F68C3C52EDD93C5005B29E6 /* AppDelegate.swift */; };
		7F68C3D12EDD93C5005B29E6 /* SceneDelegate.swift in Sources */ = {isa = PBXBuildFile; fileRef = 7F68C3CD2EDD93C5005B29E6 /* SceneDelegate.swift */; };
		7F68C3D22EDD93C5005B29E6 /* ViewController.swift in Sources */ = {isa = PBXBuildFile; fileRef = 7F68C3CE2EDD93C5005B29E6 /* ViewController.swift */; };
		7F68C3D32EDD93C5005B29E6 /* Assets.xcassets in Resources */ = {isa = PBXBuildFile; fileRef = 7F68C3C62EDD93C5005B29E6 /* Assets.xcassets */; };
		7F68C3D42EDD93C5005B29E6 /* GoogleService-Info.plist in Resources */ = {isa = PBXBuildFile; fileRef = 7F68C3C72EDD93C5005B29E6 /* GoogleService-Info.plist */; };
		7F68C3D62EDD93C5005B29E6 /* LaunchScreen.storyboard in Resources */ = {isa = PBXBuildFile; fileRef = 7F68C3CA2EDD93C5005B29E6 /* LaunchScreen.storyboard */; };
		7F68C3D72EDD93C5005B29E6 /* Main.storyboard in Resources */ = {isa = PBXBuildFile; fileRef = 7F68C3CC2EDD93C5005B29E6 /* Main.storyboard */; };
		7F68C3DE2EDD945E005B29E6 /* Authentication.storyboard in Resources */ = {isa = PBXBuildFile; fileRef = 7F68C3DD2EDD945E005B29E6 /* Authentication.storyboard */; };
		7FC160FE2EDB2AAF009B14F4 /* FirebaseCore in Frameworks */ = {isa = PBXBuildFile; productRef = 7FC160FD2EDB2AAF009B14F4 /* FirebaseCore */; };
		7FC161002EDB2ABC009B14F4 /* FirebaseAuth in Frameworks */ = {isa = PBXBuildFile; productRef = 7FC160FF2EDB2ABC009B14F4 /* FirebaseAuth */; };
		7FC161022EDB2AD6009B14F4 /* FirebaseFirestore in Frameworks */ = {isa = PBXBuildFile; productRef = 7FC161012EDB2AD6009B14F4 /* FirebaseFirestore */; };
		D3406EA62EDDE156003E6D37 /* Dispute.storyboard in Resources */ = {isa = PBXBuildFile; fileRef = D3406EA52EDDE156003E6D37 /* Dispute.storyboard */; };
		ACDA75E32EDDD78500665266 /* Requests-seeker.storyboard in Resources */ = {isa = PBXBuildFile; fileRef = ACDA75E22EDDD78500665266 /* Requests-seeker.storyboard */; };
/* End PBXBuildFile section */

/* Begin PBXFileReference section */
		3A2834012EDDD754006CDDA5 /* BookingScreen.storyboard */ = {isa = PBXFileReference; lastKnownFileType = file.storyboard; path = BookingScreen.storyboard; sourceTree = "<group>"; };
		7F68C3C52EDD93C5005B29E6 /* AppDelegate.swift */ = {isa = PBXFileReference; lastKnownFileType = sourcecode.swift; path = AppDelegate.swift; sourceTree = "<group>"; };
		7F68C3C62EDD93C5005B29E6 /* Assets.xcassets */ = {isa = PBXFileReference; lastKnownFileType = folder.assetcatalog; path = Assets.xcassets; sourceTree = "<group>"; };
		7F68C3C72EDD93C5005B29E6 /* GoogleService-Info.plist */ = {isa = PBXFileReference; lastKnownFileType = text.plist.xml; path = "GoogleService-Info.plist"; sourceTree = "<group>"; };
		7F68C3C82EDD93C5005B29E6 /* Info.plist */ = {isa = PBXFileReference; lastKnownFileType = text.plist.xml; path = Info.plist; sourceTree = "<group>"; };
		7F68C3C92EDD93C5005B29E6 /* Base */ = {isa = PBXFileReference; lastKnownFileType = file.storyboard; name = Base; path = Base.lproj/LaunchScreen.storyboard; sourceTree = "<group>"; };
		7F68C3CB2EDD93C5005B29E6 /* Base */ = {isa = PBXFileReference; lastKnownFileType = file.storyboard; name = Base; path = Base.lproj/Main.storyboard; sourceTree = "<group>"; };
		7F68C3CD2EDD93C5005B29E6 /* SceneDelegate.swift */ = {isa = PBXFileReference; lastKnownFileType = sourcecode.swift; path = SceneDelegate.swift; sourceTree = "<group>"; };
		7F68C3CE2EDD93C5005B29E6 /* ViewController.swift */ = {isa = PBXFileReference; lastKnownFileType = sourcecode.swift; path = ViewController.swift; sourceTree = "<group>"; };
		7F68C3DD2EDD945E005B29E6 /* Authentication.storyboard */ = {isa = PBXFileReference; lastKnownFileType = file.storyboard; path = Authentication.storyboard; sourceTree = "<group>"; };
		7FC160E12EDB15FF009B14F4 /* Flux.app */ = {isa = PBXFileReference; explicitFileType = wrapper.application; includeInIndex = 0; path = Flux.app; sourceTree = BUILT_PRODUCTS_DIR; };
		D3406EA52EDDE156003E6D37 /* Dispute.storyboard */ = {isa = PBXFileReference; lastKnownFileType = file.storyboard; path = Dispute.storyboard; sourceTree = "<group>"; };
		ACDA75E22EDDD78500665266 /* Requests-seeker.storyboard */ = {isa = PBXFileReference; lastKnownFileType = file.storyboard; path = "Requests-seeker.storyboard"; sourceTree = "<group>"; };
/* End PBXFileReference section */

/* Begin PBXFrameworksBuildPhase section */
		7FC160DE2EDB15FF009B14F4 /* Frameworks */ = {
			isa = PBXFrameworksBuildPhase;
			buildActionMask = 2147483647;
			files = (
				7FC160FE2EDB2AAF009B14F4 /* FirebaseCore in Frameworks */,
				7FC161002EDB2ABC009B14F4 /* FirebaseAuth in Frameworks */,
				7FC161022EDB2AD6009B14F4 /* FirebaseFirestore in Frameworks */,
			);
			runOnlyForDeploymentPostprocessing = 0;
		};
/* End PBXFrameworksBuildPhase section */

/* Begin PBXGroup section */
		3A2833FA2EDDD50F006CDDA5 /* BookingScreen */ = {
			isa = PBXGroup;
			children = (
				3A2834042EDDD7A8006CDDA5 /* ViewControllers */,
				3A2834032EDDD791006CDDA5 /* ViewModels */,
				3A2833FE2EDDD67E006CDDA5 /* Storyboards */,
			);
			path = BookingScreen;
			sourceTree = "<group>";
		};
		3A2833FE2EDDD67E006CDDA5 /* Storyboards */ = {
			isa = PBXGroup;
			children = (
				3A2834012EDDD754006CDDA5 /* BookingScreen.storyboard */,
			);
			path = Storyboards;
			sourceTree = "<group>";
		};
		3A2834032EDDD791006CDDA5 /* ViewModels */ = {
			isa = PBXGroup;
			children = (
			);
			path = ViewModels;
			sourceTree = "<group>";
		};
		3A2834042EDDD7A8006CDDA5 /* ViewControllers */ = {
			isa = PBXGroup;
			children = (
			);
			path = ViewControllers;
			sourceTree = "<group>";
		};
		7F68C3CF2EDD93C5005B29E6 /* Flux */ = {
			isa = PBXGroup;
			children = (
				7F68C3D82EDD93D0005B29E6 /* Features */,
				7F68C3C52EDD93C5005B29E6 /* AppDelegate.swift */,
				7F68C3C62EDD93C5005B29E6 /* Assets.xcassets */,
				7F68C3C72EDD93C5005B29E6 /* GoogleService-Info.plist */,
				7F68C3C82EDD93C5005B29E6 /* Info.plist */,
				7F68C3CA2EDD93C5005B29E6 /* LaunchScreen.storyboard */,
				7F68C3CC2EDD93C5005B29E6 /* Main.storyboard */,
				7F68C3CD2EDD93C5005B29E6 /* SceneDelegate.swift */,
				7F68C3CE2EDD93C5005B29E6 /* ViewController.swift */,
			);
			path = Flux;
			sourceTree = "<group>";
		};
		7F68C3D82EDD93D0005B29E6 /* Features */ = {
			isa = PBXGroup;
			children = (
				D3406EA12EDDDA6C003E6D37 /* DisputeCenter */,

				ACDA75DE2EDDD53200665266 /* Requests-Seeker  */,
				7F68C3D92EDD93EC005B29E6 /* Authentication */,
			);
			path = Features;
			sourceTree = "<group>";
		};
		7F68C3D92EDD93EC005B29E6 /* Authentication */ = {
			isa = PBXGroup;
			children = (
				7F68C3DC2EDD9426005B29E6 /* ViewModels */,
				7F68C3DB2EDD9418005B29E6 /* Storyboards */,
				7F68C3DA2EDD93FE005B29E6 /* ViewControllers */,
			);
			path = Authentication;
			sourceTree = "<group>";
		};
		7F68C3DA2EDD93FE005B29E6 /* ViewControllers */ = {
			isa = PBXGroup;
			children = (
			);
			path = ViewControllers;
			sourceTree = "<group>";
		};
		7F68C3DB2EDD9418005B29E6 /* Storyboards */ = {
			isa = PBXGroup;
			children = (
				7F68C3DD2EDD945E005B29E6 /* Authentication.storyboard */,
			);
			path = Storyboards;
			sourceTree = "<group>";
		};
		7F68C3DC2EDD9426005B29E6 /* ViewModels */ = {
			isa = PBXGroup;
			children = (
			);
			path = ViewModels;
			sourceTree = "<group>";
		};
		7FC160D82EDB15FF009B14F4 = {
			isa = PBXGroup;
			children = (
				7FC160FC2EDB2AAF009B14F4 /* Frameworks */,
				7FC160E22EDB15FF009B14F4 /* Products */,
				7F68C3CF2EDD93C5005B29E6 /* Flux */,
			);
			sourceTree = "<group>";
		};
		7FC160E22EDB15FF009B14F4 /* Products */ = {
			isa = PBXGroup;
			children = (
				7FC160E12EDB15FF009B14F4 /* Flux.app */,
			);
			name = Products;
			sourceTree = "<group>";
		};
		7FC160FC2EDB2AAF009B14F4 /* Frameworks */ = {
			isa = PBXGroup;
			children = (
			);
			name = Frameworks;
			sourceTree = "<group>";
		};
		D3406EA12EDDDA6C003E6D37 /* DisputeCenter */ = {
			isa = PBXGroup;
			children = (
				D3406EA32EDDDA95003E6D37 /* Storyboards */,
				D3406EA22EDDDA89003E6D37 /* ViewModel */,
				D3406EA42EDDDAAA003E6D37 /* ViewControllers */,
			);
			path = DisputeCenter;
			sourceTree = "<group>";
		};
		D3406EA22EDDDA89003E6D37 /* ViewModel */ = {
			isa = PBXGroup;
			children = (
			);
			path = ViewModel;
			sourceTree = "<group>";
		};
		D3406EA32EDDDA95003E6D37 /* Storyboards */ = {
			isa = PBXGroup;
			children = (
				D3406EA52EDDE156003E6D37 /* Dispute.storyboard */,
		ACDA75DE2EDDD53200665266 /* Requests-Seeker  */ = {
			isa = PBXGroup;
			children = (
				ACDA75E12EDDD5D400665266 /* ViewControllers  */,
				ACDA75E02EDDD5BE00665266 /* Storyboards */,
				ACDA75DF2EDDD5AB00665266 /* ViewModels */,
			);
			path = "Requests-Seeker ";
			sourceTree = "<group>";
		};
		ACDA75DF2EDDD5AB00665266 /* ViewModels */ = {
			isa = PBXGroup;
			children = (
			);
			path = ViewModels;
			sourceTree = "<group>";
		};
		ACDA75E02EDDD5BE00665266 /* Storyboards */ = {
			isa = PBXGroup;
			children = (
				ACDA75E22EDDD78500665266 /* Requests-seeker.storyboard */,
			);
			path = Storyboards;
			sourceTree = "<group>";
		};
		D3406EA42EDDDAAA003E6D37 /* ViewControllers */ = {
			isa = PBXGroup;
			children = (
			);
			path = ViewControllers;
			sourceTree = "<group>";
		};
/* End PBXGroup section */

/* Begin PBXNativeTarget section */
		7FC160E02EDB15FF009B14F4 /* Flux */ = {
			isa = PBXNativeTarget;
			buildConfigurationList = 7FC160F42EDB1601009B14F4 /* Build configuration list for PBXNativeTarget "Flux" */;
			buildPhases = (
				7FC160DD2EDB15FF009B14F4 /* Sources */,
				7FC160DE2EDB15FF009B14F4 /* Frameworks */,
				7FC160DF2EDB15FF009B14F4 /* Resources */,
			);
			buildRules = (
			);
			dependencies = (
			);
			name = Flux;
			packageProductDependencies = (
				7FC160FD2EDB2AAF009B14F4 /* FirebaseCore */,
				7FC160FF2EDB2ABC009B14F4 /* FirebaseAuth */,
				7FC161012EDB2AD6009B14F4 /* FirebaseFirestore */,
			);
			productName = Flux;
			productReference = 7FC160E12EDB15FF009B14F4 /* Flux.app */;
			productType = "com.apple.product-type.application";
		};
/* End PBXNativeTarget section */

/* Begin PBXProject section */
		7FC160D92EDB15FF009B14F4 /* Project object */ = {
			isa = PBXProject;
			attributes = {
				BuildIndependentTargetsInParallel = 1;
				LastSwiftUpdateCheck = 1640;
				LastUpgradeCheck = 1640;
				TargetAttributes = {
					7FC160E02EDB15FF009B14F4 = {
						CreatedOnToolsVersion = 16.4;
					};
				};
			};
			buildConfigurationList = 7FC160DC2EDB15FF009B14F4 /* Build configuration list for PBXProject "Flux" */;
			developmentRegion = en;
			hasScannedForEncodings = 0;
			knownRegions = (
				en,
				Base,
			);
			mainGroup = 7FC160D82EDB15FF009B14F4;
			minimizedProjectReferenceProxies = 1;
			packageReferences = (
				7FC160FB2EDB27D5009B14F4 /* XCRemoteSwiftPackageReference "firebase-ios-sdk" */,
			);
			preferredProjectObjectVersion = 77;
			productRefGroup = 7FC160E22EDB15FF009B14F4 /* Products */;
			projectDirPath = "";
			projectRoot = "";
			targets = (
				7FC160E02EDB15FF009B14F4 /* Flux */,
			);
		};
/* End PBXProject section */

/* Begin PBXResourcesBuildPhase section */
		7FC160DF2EDB15FF009B14F4 /* Resources */ = {
			isa = PBXResourcesBuildPhase;
			buildActionMask = 2147483647;
			files = (
				3A2834022EDDD754006CDDA5 /* BookingScreen.storyboard in Resources */,
				7F68C3D32EDD93C5005B29E6 /* Assets.xcassets in Resources */,
				7F68C3D42EDD93C5005B29E6 /* GoogleService-Info.plist in Resources */,
				7F68C3D62EDD93C5005B29E6 /* LaunchScreen.storyboard in Resources */,
				D3406EA62EDDE156003E6D37 /* Dispute.storyboard in Resources */,
				7F68C3D72EDD93C5005B29E6 /* Main.storyboard in Resources */,
				7F68C3DE2EDD945E005B29E6 /* Authentication.storyboard in Resources */,
				ACDA75E32EDDD78500665266 /* Requests-seeker.storyboard in Resources */,
			);
			runOnlyForDeploymentPostprocessing = 0;
		};
/* End PBXResourcesBuildPhase section */

/* Begin PBXSourcesBuildPhase section */
		7FC160DD2EDB15FF009B14F4 /* Sources */ = {
			isa = PBXSourcesBuildPhase;
			buildActionMask = 2147483647;
			files = (
				7F68C3D02EDD93C5005B29E6 /* AppDelegate.swift in Sources */,
				7F68C3D12EDD93C5005B29E6 /* SceneDelegate.swift in Sources */,
				7F68C3D22EDD93C5005B29E6 /* ViewController.swift in Sources */,
			);
			runOnlyForDeploymentPostprocessing = 0;
		};
/* End PBXSourcesBuildPhase section */

/* Begin PBXVariantGroup section */
		7F68C3CA2EDD93C5005B29E6 /* LaunchScreen.storyboard */ = {
			isa = PBXVariantGroup;
			children = (
				7F68C3C92EDD93C5005B29E6 /* Base */,
			);
			name = LaunchScreen.storyboard;
			sourceTree = "<group>";
		};
		7F68C3CC2EDD93C5005B29E6 /* Main.storyboard */ = {
			isa = PBXVariantGroup;
			children = (
				7F68C3CB2EDD93C5005B29E6 /* Base */,
			);
			name = Main.storyboard;
			sourceTree = "<group>";
		};
/* End PBXVariantGroup section */

/* Begin XCBuildConfiguration section */
		7FC160F52EDB1601009B14F4 /* Debug */ = {
			isa = XCBuildConfiguration;
			buildSettings = {
				ASSETCATALOG_COMPILER_APPICON_NAME = AppIcon;
				ASSETCATALOG_COMPILER_GLOBAL_ACCENT_COLOR_NAME = AccentColor;
				CODE_SIGN_STYLE = Automatic;
				CURRENT_PROJECT_VERSION = 1;
				GENERATE_INFOPLIST_FILE = YES;
				INFOPLIST_FILE = Flux/Info.plist;
				INFOPLIST_KEY_UIApplicationSupportsIndirectInputEvents = YES;
				INFOPLIST_KEY_UILaunchStoryboardName = LaunchScreen;
				INFOPLIST_KEY_UIMainStoryboardFile = Main;
				INFOPLIST_KEY_UISupportedInterfaceOrientations_iPad = "UIInterfaceOrientationPortrait UIInterfaceOrientationPortraitUpsideDown UIInterfaceOrientationLandscapeLeft UIInterfaceOrientationLandscapeRight";
				INFOPLIST_KEY_UISupportedInterfaceOrientations_iPhone = "UIInterfaceOrientationPortrait UIInterfaceOrientationLandscapeLeft UIInterfaceOrientationLandscapeRight";
				LD_RUNPATH_SEARCH_PATHS = (
					"$(inherited)",
					"@executable_path/Frameworks",
				);
				MARKETING_VERSION = 1.0;
				PRODUCT_BUNDLE_IDENTIFIER = flux.com.Flux;
				PRODUCT_NAME = "$(TARGET_NAME)";
				SWIFT_EMIT_LOC_STRINGS = YES;
				SWIFT_VERSION = 5.0;
				TARGETED_DEVICE_FAMILY = "1,2";
			};
			name = Debug;
		};
		7FC160F62EDB1601009B14F4 /* Release */ = {
			isa = XCBuildConfiguration;
			buildSettings = {
				ASSETCATALOG_COMPILER_APPICON_NAME = AppIcon;
				ASSETCATALOG_COMPILER_GLOBAL_ACCENT_COLOR_NAME = AccentColor;
				CODE_SIGN_STYLE = Automatic;
				CURRENT_PROJECT_VERSION = 1;
				GENERATE_INFOPLIST_FILE = YES;
				INFOPLIST_FILE = Flux/Info.plist;
				INFOPLIST_KEY_UIApplicationSupportsIndirectInputEvents = YES;
				INFOPLIST_KEY_UILaunchStoryboardName = LaunchScreen;
				INFOPLIST_KEY_UIMainStoryboardFile = Main;
				INFOPLIST_KEY_UISupportedInterfaceOrientations_iPad = "UIInterfaceOrientationPortrait UIInterfaceOrientationPortraitUpsideDown UIInterfaceOrientationLandscapeLeft UIInterfaceOrientationLandscapeRight";
				INFOPLIST_KEY_UISupportedInterfaceOrientations_iPhone = "UIInterfaceOrientationPortrait UIInterfaceOrientationLandscapeLeft UIInterfaceOrientationLandscapeRight";
				LD_RUNPATH_SEARCH_PATHS = (
					"$(inherited)",
					"@executable_path/Frameworks",
				);
				MARKETING_VERSION = 1.0;
				PRODUCT_BUNDLE_IDENTIFIER = flux.com.Flux;
				PRODUCT_NAME = "$(TARGET_NAME)";
				SWIFT_EMIT_LOC_STRINGS = YES;
				SWIFT_VERSION = 5.0;
				TARGETED_DEVICE_FAMILY = "1,2";
			};
			name = Release;
		};
		7FC160F72EDB1601009B14F4 /* Debug */ = {
			isa = XCBuildConfiguration;
			buildSettings = {
				ALWAYS_SEARCH_USER_PATHS = NO;
				ASSETCATALOG_COMPILER_GENERATE_SWIFT_ASSET_SYMBOL_EXTENSIONS = YES;
				CLANG_ANALYZER_NONNULL = YES;
				CLANG_ANALYZER_NUMBER_OBJECT_CONVERSION = YES_AGGRESSIVE;
				CLANG_CXX_LANGUAGE_STANDARD = "gnu++20";
				CLANG_ENABLE_MODULES = YES;
				CLANG_ENABLE_OBJC_ARC = YES;
				CLANG_ENABLE_OBJC_WEAK = YES;
				CLANG_WARN_BLOCK_CAPTURE_AUTORELEASING = YES;
				CLANG_WARN_BOOL_CONVERSION = YES;
				CLANG_WARN_COMMA = YES;
				CLANG_WARN_CONSTANT_CONVERSION = YES;
				CLANG_WARN_DEPRECATED_OBJC_IMPLEMENTATIONS = YES;
				CLANG_WARN_DIRECT_OBJC_ISA_USAGE = YES_ERROR;
				CLANG_WARN_DOCUMENTATION_COMMENTS = YES;
				CLANG_WARN_EMPTY_BODY = YES;
				CLANG_WARN_ENUM_CONVERSION = YES;
				CLANG_WARN_INFINITE_RECURSION = YES;
				CLANG_WARN_INT_CONVERSION = YES;
				CLANG_WARN_NON_LITERAL_NULL_CONVERSION = YES;
				CLANG_WARN_OBJC_IMPLICIT_RETAIN_SELF = YES;
				CLANG_WARN_OBJC_LITERAL_CONVERSION = YES;
				CLANG_WARN_OBJC_ROOT_CLASS = YES_ERROR;
				CLANG_WARN_QUOTED_INCLUDE_IN_FRAMEWORK_HEADER = YES;
				CLANG_WARN_RANGE_LOOP_ANALYSIS = YES;
				CLANG_WARN_STRICT_PROTOTYPES = YES;
				CLANG_WARN_SUSPICIOUS_MOVE = YES;
				CLANG_WARN_UNGUARDED_AVAILABILITY = YES_AGGRESSIVE;
				CLANG_WARN_UNREACHABLE_CODE = YES;
				CLANG_WARN__DUPLICATE_METHOD_MATCH = YES;
				COPY_PHASE_STRIP = NO;
				DEBUG_INFORMATION_FORMAT = dwarf;
				ENABLE_STRICT_OBJC_MSGSEND = YES;
				ENABLE_TESTABILITY = YES;
				ENABLE_USER_SCRIPT_SANDBOXING = YES;
				GCC_C_LANGUAGE_STANDARD = gnu17;
				GCC_DYNAMIC_NO_PIC = NO;
				GCC_NO_COMMON_BLOCKS = YES;
				GCC_OPTIMIZATION_LEVEL = 0;
				GCC_PREPROCESSOR_DEFINITIONS = (
					"DEBUG=1",
					"$(inherited)",
				);
				GCC_WARN_64_TO_32_BIT_CONVERSION = YES;
				GCC_WARN_ABOUT_RETURN_TYPE = YES_ERROR;
				GCC_WARN_UNDECLARED_SELECTOR = YES;
				GCC_WARN_UNINITIALIZED_AUTOS = YES_AGGRESSIVE;
				GCC_WARN_UNUSED_FUNCTION = YES;
				GCC_WARN_UNUSED_VARIABLE = YES;
				IPHONEOS_DEPLOYMENT_TARGET = 18.5;
				LOCALIZATION_PREFERS_STRING_CATALOGS = YES;
				MTL_ENABLE_DEBUG_INFO = INCLUDE_SOURCE;
				MTL_FAST_MATH = YES;
				ONLY_ACTIVE_ARCH = YES;
				SDKROOT = iphoneos;
				SWIFT_ACTIVE_COMPILATION_CONDITIONS = "DEBUG $(inherited)";
				SWIFT_OPTIMIZATION_LEVEL = "-Onone";
			};
			name = Debug;
		};
		7FC160F82EDB1601009B14F4 /* Release */ = {
			isa = XCBuildConfiguration;
			buildSettings = {
				ALWAYS_SEARCH_USER_PATHS = NO;
				ASSETCATALOG_COMPILER_GENERATE_SWIFT_ASSET_SYMBOL_EXTENSIONS = YES;
				CLANG_ANALYZER_NONNULL = YES;
				CLANG_ANALYZER_NUMBER_OBJECT_CONVERSION = YES_AGGRESSIVE;
				CLANG_CXX_LANGUAGE_STANDARD = "gnu++20";
				CLANG_ENABLE_MODULES = YES;
				CLANG_ENABLE_OBJC_ARC = YES;
				CLANG_ENABLE_OBJC_WEAK = YES;
				CLANG_WARN_BLOCK_CAPTURE_AUTORELEASING = YES;
				CLANG_WARN_BOOL_CONVERSION = YES;
				CLANG_WARN_COMMA = YES;
				CLANG_WARN_CONSTANT_CONVERSION = YES;
				CLANG_WARN_DEPRECATED_OBJC_IMPLEMENTATIONS = YES;
				CLANG_WARN_DIRECT_OBJC_ISA_USAGE = YES_ERROR;
				CLANG_WARN_DOCUMENTATION_COMMENTS = YES;
				CLANG_WARN_EMPTY_BODY = YES;
				CLANG_WARN_ENUM_CONVERSION = YES;
				CLANG_WARN_INFINITE_RECURSION = YES;
				CLANG_WARN_INT_CONVERSION = YES;
				CLANG_WARN_NON_LITERAL_NULL_CONVERSION = YES;
				CLANG_WARN_OBJC_IMPLICIT_RETAIN_SELF = YES;
				CLANG_WARN_OBJC_LITERAL_CONVERSION = YES;
				CLANG_WARN_OBJC_ROOT_CLASS = YES_ERROR;
				CLANG_WARN_QUOTED_INCLUDE_IN_FRAMEWORK_HEADER = YES;
				CLANG_WARN_RANGE_LOOP_ANALYSIS = YES;
				CLANG_WARN_STRICT_PROTOTYPES = YES;
				CLANG_WARN_SUSPICIOUS_MOVE = YES;
				CLANG_WARN_UNGUARDED_AVAILABILITY = YES_AGGRESSIVE;
				CLANG_WARN_UNREACHABLE_CODE = YES;
				CLANG_WARN__DUPLICATE_METHOD_MATCH = YES;
				COPY_PHASE_STRIP = NO;
				DEBUG_INFORMATION_FORMAT = "dwarf-with-dsym";
				ENABLE_NS_ASSERTIONS = NO;
				ENABLE_STRICT_OBJC_MSGSEND = YES;
				ENABLE_USER_SCRIPT_SANDBOXING = YES;
				GCC_C_LANGUAGE_STANDARD = gnu17;
				GCC_NO_COMMON_BLOCKS = YES;
				GCC_WARN_64_TO_32_BIT_CONVERSION = YES;
				GCC_WARN_ABOUT_RETURN_TYPE = YES_ERROR;
				GCC_WARN_UNDECLARED_SELECTOR = YES;
				GCC_WARN_UNINITIALIZED_AUTOS = YES_AGGRESSIVE;
				GCC_WARN_UNUSED_FUNCTION = YES;
				GCC_WARN_UNUSED_VARIABLE = YES;
				IPHONEOS_DEPLOYMENT_TARGET = 18.5;
				LOCALIZATION_PREFERS_STRING_CATALOGS = YES;
				MTL_ENABLE_DEBUG_INFO = NO;
				MTL_FAST_MATH = YES;
				SDKROOT = iphoneos;
				SWIFT_COMPILATION_MODE = wholemodule;
				VALIDATE_PRODUCT = YES;
			};
			name = Release;
		};
/* End XCBuildConfiguration section */

/* Begin XCConfigurationList section */
		7FC160DC2EDB15FF009B14F4 /* Build configuration list for PBXProject "Flux" */ = {
			isa = XCConfigurationList;
			buildConfigurations = (
				7FC160F72EDB1601009B14F4 /* Debug */,
				7FC160F82EDB1601009B14F4 /* Release */,
			);
			defaultConfigurationIsVisible = 0;
			defaultConfigurationName = Release;
		};
		7FC160F42EDB1601009B14F4 /* Build configuration list for PBXNativeTarget "Flux" */ = {
			isa = XCConfigurationList;
			buildConfigurations = (
				7FC160F52EDB1601009B14F4 /* Debug */,
				7FC160F62EDB1601009B14F4 /* Release */,
			);
			defaultConfigurationIsVisible = 0;
			defaultConfigurationName = Release;
		};
/* End XCConfigurationList section */

/* Begin XCRemoteSwiftPackageReference section */
		7FC160FB2EDB27D5009B14F4 /* XCRemoteSwiftPackageReference "firebase-ios-sdk" */ = {
			isa = XCRemoteSwiftPackageReference;
			repositoryURL = "https://github.com/firebase/firebase-ios-sdk";
			requirement = {
				kind = upToNextMajorVersion;
				minimumVersion = 12.6.0;
			};
		};
/* End XCRemoteSwiftPackageReference section */

/* Begin XCSwiftPackageProductDependency section */
		7FC160FD2EDB2AAF009B14F4 /* FirebaseCore */ = {
			isa = XCSwiftPackageProductDependency;
			package = 7FC160FB2EDB27D5009B14F4 /* XCRemoteSwiftPackageReference "firebase-ios-sdk" */;
			productName = FirebaseCore;
		};
		7FC160FF2EDB2ABC009B14F4 /* FirebaseAuth */ = {
			isa = XCSwiftPackageProductDependency;
			package = 7FC160FB2EDB27D5009B14F4 /* XCRemoteSwiftPackageReference "firebase-ios-sdk" */;
			productName = FirebaseAuth;
		};
		7FC161012EDB2AD6009B14F4 /* FirebaseFirestore */ = {
			isa = XCSwiftPackageProductDependency;
			package = 7FC160FB2EDB27D5009B14F4 /* XCRemoteSwiftPackageReference "firebase-ios-sdk" */;
			productName = FirebaseFirestore;
		};
/* End XCSwiftPackageProductDependency section */
	};
	rootObject = 7FC160D92EDB15FF009B14F4 /* Project object */;
}
