// !$*UTF8*$!
{
	archiveVersion = 1;
	classes = {
	};
	objectVersion = 77;
	objects = {

/* Begin PBXBuildFile section */
		3AE4B17C2EFC86A900BE4A01 /* Chat.storyboard in Resources */ = {isa = PBXBuildFile; fileRef = 3AE4B17B2EFC86A900BE4A01 /* Chat.storyboard */; };
		3AE4B17E2EFC86F200BE4A01 /* ChatViewModel.swift in Sources */ = {isa = PBXBuildFile; fileRef = 3AE4B17D2EFC86F200BE4A01 /* ChatViewModel.swift */; };
		3AE4B1802EFC873500BE4A01 /* BookingViewModel.swift in Sources */ = {isa = PBXBuildFile; fileRef = 3AE4B17F2EFC873500BE4A01 /* BookingViewModel.swift */; };
		3AE4B19B2EFC8ADA00BE4A01 /* SkillViewController.swift in Sources */ = {isa = PBXBuildFile; fileRef = 3AE4B1952EFC8ADA00BE4A01 /* SkillViewController.swift */; };
		3AE4B19C2EFC8ADA00BE4A01 /* AccountViewController.swift in Sources */ = {isa = PBXBuildFile; fileRef = 3AE4B18F2EFC8ADA00BE4A01 /* AccountViewController.swift */; };
		3AE4B19D2EFC8ADA00BE4A01 /* CategoryManagementViewController.swift in Sources */ = {isa = PBXBuildFile; fileRef = 3AE4B1912EFC8ADA00BE4A01 /* CategoryManagementViewController.swift */; };
		3AE4B19E2EFC8ADA00BE4A01 /* ReportsViewController.swift in Sources */ = {isa = PBXBuildFile; fileRef = 3AE4B1922EFC8ADA00BE4A01 /* ReportsViewController.swift */; };
		3AE4B19F2EFC8ADA00BE4A01 /* AdminToolsViewModel.swift in Sources */ = {isa = PBXBuildFile; fileRef = 3AE4B1982EFC8ADA00BE4A01 /* AdminToolsViewModel.swift */; };
		3AE4B1A02EFC8ADA00BE4A01 /* ReportViewController.swift in Sources */ = {isa = PBXBuildFile; fileRef = 3AE4B1932EFC8ADA00BE4A01 /* ReportViewController.swift */; };
		3AE4B1A12EFC8ADA00BE4A01 /* UsersAccountsViewController.swift in Sources */ = {isa = PBXBuildFile; fileRef = 3AE4B1962EFC8ADA00BE4A01 /* UsersAccountsViewController.swift */; };
		3AE4B1A22EFC8ADA00BE4A01 /* AdminToolsViewController.swift in Sources */ = {isa = PBXBuildFile; fileRef = 3AE4B1902EFC8ADA00BE4A01 /* AdminToolsViewController.swift */; };
		3AE4B1A32EFC8ADA00BE4A01 /* SkillVerificationViewController.swift in Sources */ = {isa = PBXBuildFile; fileRef = 3AE4B1942EFC8ADA00BE4A01 /* SkillVerificationViewController.swift */; };
		3AE4B1A42EFC8ADA00BE4A01 /* AdminTools.storyboard in Resources */ = {isa = PBXBuildFile; fileRef = 3AE4B18D2EFC8ADA00BE4A01 /* AdminTools.storyboard */; };
		3AE4B1A62EFC8C0800BE4A01 /* TimeCell.swift in Sources */ = {isa = PBXBuildFile; fileRef = 3AE4B1A52EFC8C0800BE4A01 /* TimeCell.swift */; };
		7F5A0D072EFDD10C001135C2 /* AvailabilityBlock.swift in Sources */ = {isa = PBXBuildFile; fileRef = 7F5A0D062EFDD109001135C2 /* AvailabilityBlock.swift */; };
		7F5A0D102EFDDC56001135C2 /* PortfolioRepository.swift in Sources */ = {isa = PBXBuildFile; fileRef = 7F5A0D0A2EFDDC56001135C2 /* PortfolioRepository.swift */; };
		7F5A0D112EFDDC56001135C2 /* ReportRepository.swift in Sources */ = {isa = PBXBuildFile; fileRef = 7F5A0D0B2EFDDC56001135C2 /* ReportRepository.swift */; };
		7F5A0D122EFDDC56001135C2 /* ReviewRepository.swift in Sources */ = {isa = PBXBuildFile; fileRef = 7F5A0D0C2EFDDC56001135C2 /* ReviewRepository.swift */; };
		7F5A0D132EFDDC56001135C2 /* ServiceRepository.swift in Sources */ = {isa = PBXBuildFile; fileRef = 7F5A0D0D2EFDDC56001135C2 /* ServiceRepository.swift */; };
		7F5A0D142EFDDC56001135C2 /* UserRepository.swift in Sources */ = {isa = PBXBuildFile; fileRef = 7F5A0D0F2EFDDC56001135C2 /* UserRepository.swift */; };
		7F5A0D152EFDDC56001135C2 /* SkillRepository.swift in Sources */ = {isa = PBXBuildFile; fileRef = 7F5A0D0E2EFDDC56001135C2 /* SkillRepository.swift */; };
		7F5A0D162EFDDC56001135C2 /* AvailabilityRepository.swift in Sources */ = {isa = PBXBuildFile; fileRef = 7F5A0D082EFDDC56001135C2 /* AvailabilityRepository.swift */; };
		7F5A0D172EFDDC56001135C2 /* BookingRepository.swift in Sources */ = {isa = PBXBuildFile; fileRef = 7F5A0D092EFDDC56001135C2 /* BookingRepository.swift */; };
		7F5A0D1A2EFDDC9E001135C2 /* Extenstion.swift in Sources */ = {isa = PBXBuildFile; fileRef = 7F5A0D192EFDDC9E001135C2 /* Extenstion.swift */; };
		7F5A0D1B2EFDDC9E001135C2 /* Constants.swift in Sources */ = {isa = PBXBuildFile; fileRef = 7F5A0D182EFDDC9E001135C2 /* Constants.swift */; };
		7F5A0D222EFEB0F1001135C2 /* Conversation.swift in Sources */ = {isa = PBXBuildFile; fileRef = 7F5A0D212EFEB0ED001135C2 /* Conversation.swift */; };
		7F5A0D242EFEB141001135C2 /* ChatMessage.swift in Sources */ = {isa = PBXBuildFile; fileRef = 7F5A0D232EFEB13E001135C2 /* ChatMessage.swift */; };
		7F5A0D262EFEB49A001135C2 /* ChatRepository.swift in Sources */ = {isa = PBXBuildFile; fileRef = 7F5A0D252EFEB49A001135C2 /* ChatRepository.swift */; };
		7F5A0D292EFEE471001135C2 /* ProviderSkillsListViewController.swift in Sources */ = {isa = PBXBuildFile; fileRef = 7F5A0D272EFEE471001135C2 /* ProviderSkillsListViewController.swift */; };
		7F5A0D2A2EFEE471001135C2 /* SkillDetailsViewController.swift in Sources */ = {isa = PBXBuildFile; fileRef = 7F5A0D282EFEE471001135C2 /* SkillDetailsViewController.swift */; };
		7F5A0D2F2EFEE48F001135C2 /* AddSkillViewModel.swift in Sources */ = {isa = PBXBuildFile; fileRef = 7F5A0D2B2EFEE48F001135C2 /* AddSkillViewModel.swift */; };
		7F5A0D302EFEE48F001135C2 /* ProviderProfileViewModel.swift in Sources */ = {isa = PBXBuildFile; fileRef = 7F5A0D2C2EFEE48F001135C2 /* ProviderProfileViewModel.swift */; };
		7F5A0D312EFEE48F001135C2 /* SkillDetailsViewModel.swift in Sources */ = {isa = PBXBuildFile; fileRef = 7F5A0D2E2EFEE48F001135C2 /* SkillDetailsViewModel.swift */; };
		7F5A0D322EFEE48F001135C2 /* ProviderSkillsListViewModel.swift in Sources */ = {isa = PBXBuildFile; fileRef = 7F5A0D2D2EFEE48F001135C2 /* ProviderSkillsListViewModel.swift */; };
		7F60811A2EF98CB700FA5639 /* Skill.swift in Sources */ = {isa = PBXBuildFile; fileRef = 7F6081192EF98CB300FA5639 /* Skill.swift */; };
		7F60811C2EF98CFC00FA5639 /* ServiceCategory.swift in Sources */ = {isa = PBXBuildFile; fileRef = 7F60811B2EF98CF700FA5639 /* ServiceCategory.swift */; };
		7F60812A2EF99E2C00FA5639 /* Report.swift in Sources */ = {isa = PBXBuildFile; fileRef = 7F6081222EF99E2C00FA5639 /* Report.swift */; };
		7F60812B2EF99E2C00FA5639 /* Review.swift in Sources */ = {isa = PBXBuildFile; fileRef = 7F6081242EF99E2C00FA5639 /* Review.swift */; };
		7F60812C2EF99E2C00FA5639 /* PortfolioProject.swift in Sources */ = {isa = PBXBuildFile; fileRef = 7F6081202EF99E2C00FA5639 /* PortfolioProject.swift */; };
		7F60812D2EF99E2C00FA5639 /* User.swift in Sources */ = {isa = PBXBuildFile; fileRef = 7F6081282EF99E2C00FA5639 /* User.swift */; };
		7F60812E2EF99E2C00FA5639 /* Booking.swift in Sources */ = {isa = PBXBuildFile; fileRef = 7F60811D2EF99E2C00FA5639 /* Booking.swift */; };
		7F60812F2EF99E2C00FA5639 /* Service.swift in Sources */ = {isa = PBXBuildFile; fileRef = 7F6081262EF99E2C00FA5639 /* Service.swift */; };
		7F6081382EFAD01F00FA5639 /* ProviderIntroViewController.swift in Sources */ = {isa = PBXBuildFile; fileRef = 7F6081372EFAD01A00FA5639 /* ProviderIntroViewController.swift */; };
		7F60813A2EFAD16A00FA5639 /* ProviderSetupViewController.swift in Sources */ = {isa = PBXBuildFile; fileRef = 7F6081392EFAD16100FA5639 /* ProviderSetupViewController.swift */; };
		7F60813C2EFAE09A00FA5639 /* ProviderSetupViewModel.swift in Sources */ = {isa = PBXBuildFile; fileRef = 7F60813B2EFAE09500FA5639 /* ProviderSetupViewModel.swift */; };
		7F6081642EFCF01800FA5639 /* ProviderAvailability.swift in Sources */ = {isa = PBXBuildFile; fileRef = 7F6081632EFCF01800FA5639 /* ProviderAvailability.swift */; };
		7F60816A2EFCF0A500FA5639 /* LoginViewController.swift in Sources */ = {isa = PBXBuildFile; fileRef = 7F6081652EFCF0A500FA5639 /* LoginViewController.swift */; };
		7F60816C2EFCF0A500FA5639 /* SignUpViewController.swift in Sources */ = {isa = PBXBuildFile; fileRef = 7F6081672EFCF0A500FA5639 /* SignUpViewController.swift */; };
		7F60816E2EFCF0BD00FA5639 /* AuthViewModel.swift in Sources */ = {isa = PBXBuildFile; fileRef = 7F60816D2EFCF0BD00FA5639 /* AuthViewModel.swift */; };
		7F68C3D02EDD93C5005B29E6 /* AppDelegate.swift in Sources */ = {isa = PBXBuildFile; fileRef = 7F68C3C52EDD93C5005B29E6 /* AppDelegate.swift */; };
		7F68C3D12EDD93C5005B29E6 /* SceneDelegate.swift in Sources */ = {isa = PBXBuildFile; fileRef = 7F68C3CD2EDD93C5005B29E6 /* SceneDelegate.swift */; };
		7F68C3D32EDD93C5005B29E6 /* Assets.xcassets in Resources */ = {isa = PBXBuildFile; fileRef = 7F68C3C62EDD93C5005B29E6 /* Assets.xcassets */; };
		7F68C3D42EDD93C5005B29E6 /* GoogleService-Info.plist in Resources */ = {isa = PBXBuildFile; fileRef = 7F68C3C72EDD93C5005B29E6 /* GoogleService-Info.plist */; };
		7F68C3D62EDD93C5005B29E6 /* LaunchScreen.storyboard in Resources */ = {isa = PBXBuildFile; fileRef = 7F68C3CA2EDD93C5005B29E6 /* LaunchScreen.storyboard */; };
		7F68C3DE2EDD945E005B29E6 /* Authentication.storyboard in Resources */ = {isa = PBXBuildFile; fileRef = 7F68C3DD2EDD945E005B29E6 /* Authentication.storyboard */; };
		7FA993E82EFD410900CE5748 /* DisputeCenter.storyboard in Resources */ = {isa = PBXBuildFile; fileRef = 7FA993E72EFD410900CE5748 /* DisputeCenter.storyboard */; };
		7FA993EA2EFDA20C00CE5748 /* DisputeCenterVC.swift in Sources */ = {isa = PBXBuildFile; fileRef = 7FA993E92EFDA20C00CE5748 /* DisputeCenterVC.swift */; };
		7FAB32EE2EE454C9008AC600 /* Settings.storyboard in Resources */ = {isa = PBXBuildFile; fileRef = 7FAB32ED2EE454C9008AC600 /* Settings.storyboard */; };
		7FAB32F12EE45519008AC600 /* SettingsMainViewController.swift in Sources */ = {isa = PBXBuildFile; fileRef = 7FAB32F02EE45500008AC600 /* SettingsMainViewController.swift */; };
		7FAB32F32EE45552008AC600 /* ChangeEmailViewController.swift in Sources */ = {isa = PBXBuildFile; fileRef = 7FAB32F22EE45552008AC600 /* ChangeEmailViewController.swift */; };
		7FAB32F52EE4557B008AC600 /* ChangePhoneViewController.swift in Sources */ = {isa = PBXBuildFile; fileRef = 7FAB32F42EE4557B008AC600 /* ChangePhoneViewController.swift */; };
		7FAB32F82EE455C1008AC600 /* SettingsViewModel.swift in Sources */ = {isa = PBXBuildFile; fileRef = 7FAB32F72EE455C1008AC600 /* SettingsViewModel.swift */; };
		7FAB32FE2EE4565D008AC600 /* ProviderProfile.storyboard in Resources */ = {isa = PBXBuildFile; fileRef = 7FAB32FD2EE4565D008AC600 /* ProviderProfile.storyboard */; };
		7FAB33002EE456AD008AC600 /* ProviderMainProfileVC.swift in Sources */ = {isa = PBXBuildFile; fileRef = 7FAB32FF2EE456AD008AC600 /* ProviderMainProfileVC.swift */; };
		7FAB33022EE456D4008AC600 /* ManageSkillsViewController.swift in Sources */ = {isa = PBXBuildFile; fileRef = 7FAB33012EE456D4008AC600 /* ManageSkillsViewController.swift */; };
		7FAB33042EE456FC008AC600 /* AddSkillViewController.swift in Sources */ = {isa = PBXBuildFile; fileRef = 7FAB33032EE456FC008AC600 /* AddSkillViewController.swift */; };
		7FAB33062EE45720008AC600 /* ProviderProfileViewModel.swift in Sources */ = {isa = PBXBuildFile; fileRef = 7FAB33052EE45720008AC600 /* ProviderProfileViewModel.swift */; };
		7FAB330C2EE457B4008AC600 /* Portfolio.storyboard in Resources */ = {isa = PBXBuildFile; fileRef = 7FAB330B2EE457B4008AC600 /* Portfolio.storyboard */; };
		7FAB330E2EE45829008AC600 /* PortfolioListViewController.swift in Sources */ = {isa = PBXBuildFile; fileRef = 7FAB330D2EE45829008AC600 /* PortfolioListViewController.swift */; };
		7FAB33102EE45856008AC600 /* AddProjectViewController.swift in Sources */ = {isa = PBXBuildFile; fileRef = 7FAB330F2EE45835008AC600 /* AddProjectViewController.swift */; };
		7FAB33122EE4587B008AC600 /* PortfolioViewModel.swift in Sources */ = {isa = PBXBuildFile; fileRef = 7FAB33112EE45865008AC600 /* PortfolioViewModel.swift */; };
		7FAB331A2EE45994008AC600 /* Home.storyboard in Resources */ = {isa = PBXBuildFile; fileRef = 7FAB33192EE45994008AC600 /* Home.storyboard */; };
		7FAB331C2EE459B4008AC600 /* HomeFeedViewController.swift in Sources */ = {isa = PBXBuildFile; fileRef = 7FAB331B2EE459B4008AC600 /* HomeFeedViewController.swift */; };
		7FAB331E2EE45A16008AC600 /* FilterModalViewController.swift in Sources */ = {isa = PBXBuildFile; fileRef = 7FAB331D2EE45A16008AC600 /* FilterModalViewController.swift */; };
		7FAB33202EE45A49008AC600 /* ServiceDetailsViewController.swift in Sources */ = {isa = PBXBuildFile; fileRef = 7FAB331F2EE45A49008AC600 /* ServiceDetailsViewController.swift */; };
		7FAB33222EE45A6D008AC600 /* HomeViewModel.swift in Sources */ = {isa = PBXBuildFile; fileRef = 7FAB33212EE45A6D008AC600 /* HomeViewModel.swift */; };
		7FAB33242EE45A98008AC600 /* ServiceDetailsViewModel.swift in Sources */ = {isa = PBXBuildFile; fileRef = 7FAB33232EE45A98008AC600 /* ServiceDetailsViewModel.swift */; };
		7FAB332A2EE45B55008AC600 /* Booking.storyboard in Resources */ = {isa = PBXBuildFile; fileRef = 7FAB33292EE45B55008AC600 /* Booking.storyboard */; };
		7FAB332C2EE45B8B008AC600 /* RequestBookingViewController.swift in Sources */ = {isa = PBXBuildFile; fileRef = 7FAB332B2EE45B8B008AC600 /* RequestBookingViewController.swift */; };
		7FAB332E2EE45BCF008AC600 /* BookingConfirmationVC.swift in Sources */ = {isa = PBXBuildFile; fileRef = 7FAB332D2EE45BCF008AC600 /* BookingConfirmationVC.swift */; };
		7FAB33362EE45CA5008AC600 /* Requests.storyboard in Resources */ = {isa = PBXBuildFile; fileRef = 7FAB33352EE45CA5008AC600 /* Requests.storyboard */; };
		7FAB33382EE45CF7008AC600 /* SeekerRequestListVC.swift in Sources */ = {isa = PBXBuildFile; fileRef = 7FAB33372EE45CF7008AC600 /* SeekerRequestListVC.swift */; };
		7FAB333A2EE45D30008AC600 /* LeaveReviewViewController.swift in Sources */ = {isa = PBXBuildFile; fileRef = 7FAB33392EE45D30008AC600 /* LeaveReviewViewController.swift */; };
		7FAB333C2EE45D73008AC600 /* ReviewSubmittedViewController.swift in Sources */ = {isa = PBXBuildFile; fileRef = 7FAB333B2EE45D73008AC600 /* ReviewSubmittedViewController.swift */; };
		7FAB333E2EE45DA3008AC600 /* RequestListViewModel.swift in Sources */ = {isa = PBXBuildFile; fileRef = 7FAB333D2EE45DA3008AC600 /* RequestListViewModel.swift */; };
		7FAB33462EE45EB1008AC600 /* ChatListViewController.swift in Sources */ = {isa = PBXBuildFile; fileRef = 7FAB33452EE45EB1008AC600 /* ChatListViewController.swift */; };
		7FAB33482EE45ED9008AC600 /* ChatRoomViewController.swift in Sources */ = {isa = PBXBuildFile; fileRef = 7FAB33472EE45ED9008AC600 /* ChatRoomViewController.swift */; };
		7FAB33502EE45F9E008AC600 /* History.storyboard in Resources */ = {isa = PBXBuildFile; fileRef = 7FAB334F2EE45F9E008AC600 /* History.storyboard */; };
		7FAB33522EE45FD3008AC600 /* ServiceHistoryViewController.swift in Sources */ = {isa = PBXBuildFile; fileRef = 7FAB33512EE45FD3008AC600 /* ServiceHistoryViewController.swift */; };
		7FAB33542EE4601B008AC600 /* FavoritesViewController.swift in Sources */ = {isa = PBXBuildFile; fileRef = 7FAB33532EE4601B008AC600 /* FavoritesViewController.swift */; };
		7FAB33562EE46047008AC600 /* HistoryViewModel.swift in Sources */ = {isa = PBXBuildFile; fileRef = 7FAB33552EE46047008AC600 /* HistoryViewModel.swift */; };
		7FAB335C2EE46130008AC600 /* Dispute.storyboard in Resources */ = {isa = PBXBuildFile; fileRef = 7FAB335B2EE46130008AC600 /* Dispute.storyboard */; };
		7FAB335E2EE46159008AC600 /* ReportUserViewController.swift in Sources */ = {isa = PBXBuildFile; fileRef = 7FAB335D2EE46159008AC600 /* ReportUserViewController.swift */; };
		7FAB33602EE46177008AC600 /* ReportViewModel.swift in Sources */ = {isa = PBXBuildFile; fileRef = 7FAB335F2EE46177008AC600 /* ReportViewModel.swift */; };
		7FAB33662EE46270008AC600 /* Admin.storyboard in Resources */ = {isa = PBXBuildFile; fileRef = 7FAB33652EE46270008AC600 /* Admin.storyboard */; };
		7FAB33682EE462A6008AC600 /* AdminHomeViewController.swift in Sources */ = {isa = PBXBuildFile; fileRef = 7FAB33672EE462A6008AC600 /* AdminHomeViewController.swift */; };
		7FAB336A2EE462D4008AC600 /* UserManagementViewController.swift in Sources */ = {isa = PBXBuildFile; fileRef = 7FAB33692EE462D4008AC600 /* UserManagementViewController.swift */; };
		7FAB336C2EE46308008AC600 /* CategoryManagerViewController.swift in Sources */ = {isa = PBXBuildFile; fileRef = 7FAB336B2EE46308008AC600 /* CategoryManagerViewController.swift */; };
		7FAB336E2EE4633E008AC600 /* AdminViewModel.swift in Sources */ = {isa = PBXBuildFile; fileRef = 7FAB336D2EE4633E008AC600 /* AdminViewModel.swift */; };
		7FAB33742EE464EC008AC600 /* Activity.storyboard in Resources */ = {isa = PBXBuildFile; fileRef = 7FAB33732EE464EC008AC600 /* Activity.storyboard */; };
		7FAB33762EE4652B008AC600 /* NotificationCenterViewController.swift in Sources */ = {isa = PBXBuildFile; fileRef = 7FAB33752EE4652B008AC600 /* NotificationCenterViewController.swift */; };
		7FAB33782EE4656A008AC600 /* NotificationViewModel.swift in Sources */ = {isa = PBXBuildFile; fileRef = 7FAB33772EE4656A008AC600 /* NotificationViewModel.swift */; };
		7FAB33872EE466A2008AC600 /* Notification.swift in Sources */ = {isa = PBXBuildFile; fileRef = 7FAB33862EE466A2008AC600 /* Notification.swift */; };
		7FAB338A2EE46701008AC600 /* AuthManager.swift in Sources */ = {isa = PBXBuildFile; fileRef = 7FAB33892EE46701008AC600 /* AuthManager.swift */; };
		7FAB338C2EE46728008AC600 /* FirestoreManager.swift in Sources */ = {isa = PBXBuildFile; fileRef = 7FAB338B2EE46728008AC600 /* FirestoreManager.swift */; };
		7FAB338E2EE46741008AC600 /* StorageManager.swift in Sources */ = {isa = PBXBuildFile; fileRef = 7FAB338D2EE46741008AC600 /* StorageManager.swift */; };
		7FAB33902EE4675B008AC600 /* AdminService.swift in Sources */ = {isa = PBXBuildFile; fileRef = 7FAB338F2EE4675B008AC600 /* AdminService.swift */; };
		7FAB33972EE467CC008AC600 /* Validator.swift in Sources */ = {isa = PBXBuildFile; fileRef = 7FAB33962EE467CC008AC600 /* Validator.swift */; };
		7FAB339B2EF049FF008AC600 /* FirebaseStorage in Frameworks */ = {isa = PBXBuildFile; productRef = 7FAB339A2EF049FF008AC600 /* FirebaseStorage */; };
		7FAB339E2EF17B5D008AC600 /* Cloudinary in Frameworks */ = {isa = PBXBuildFile; productRef = 7FAB339D2EF17B5D008AC600 /* Cloudinary */; };
		7FAB33A42EF189BC008AC600 /* SeekerProfile.storyboard in Resources */ = {isa = PBXBuildFile; fileRef = 7FAB33A32EF189BC008AC600 /* SeekerProfile.storyboard */; };
		7FAB33A62EF189FC008AC600 /* SeekerProfileViewController.swift in Sources */ = {isa = PBXBuildFile; fileRef = 7FAB33A52EF189FC008AC600 /* SeekerProfileViewController.swift */; };
		7FAB33A82EF18A18008AC600 /* SeekerProfileViewModel.swift in Sources */ = {isa = PBXBuildFile; fileRef = 7FAB33A72EF18A18008AC600 /* SeekerProfileViewModel.swift */; };
		7FC160FE2EDB2AAF009B14F4 /* FirebaseCore in Frameworks */ = {isa = PBXBuildFile; productRef = 7FC160FD2EDB2AAF009B14F4 /* FirebaseCore */; };
		7FC161002EDB2ABC009B14F4 /* FirebaseAuth in Frameworks */ = {isa = PBXBuildFile; productRef = 7FC160FF2EDB2ABC009B14F4 /* FirebaseAuth */; };
		7FC161022EDB2AD6009B14F4 /* FirebaseFirestore in Frameworks */ = {isa = PBXBuildFile; productRef = 7FC161012EDB2AD6009B14F4 /* FirebaseFirestore */; };
		7FE70B312EF30F3500DFBE12 /* ServiceCardCell.swift in Sources */ = {isa = PBXBuildFile; fileRef = 7FE70B302EF30F3500DFBE12 /* ServiceCardCell.swift */; };
		7FE70B332EF83EC600DFBE12 /* AppNavigator.swift in Sources */ = {isa = PBXBuildFile; fileRef = 7FE70B322EF83EC600DFBE12 /* AppNavigator.swift */; };
		ACDA75E32EDDD78500665266 /* Requests-seeker.storyboard in Resources */ = {isa = PBXBuildFile; fileRef = ACDA75E22EDDD78500665266 /* Requests-seeker.storyboard */; };
/* End PBXBuildFile section */

/* Begin PBXFileReference section */
		3AE4B17B2EFC86A900BE4A01 /* Chat.storyboard */ = {isa = PBXFileReference; lastKnownFileType = file.storyboard; path = Chat.storyboard; sourceTree = "<group>"; };
		3AE4B17D2EFC86F200BE4A01 /* ChatViewModel.swift */ = {isa = PBXFileReference; lastKnownFileType = sourcecode.swift; path = ChatViewModel.swift; sourceTree = "<group>"; };
		3AE4B17F2EFC873500BE4A01 /* BookingViewModel.swift */ = {isa = PBXFileReference; lastKnownFileType = sourcecode.swift; path = BookingViewModel.swift; sourceTree = "<group>"; };
		3AE4B18D2EFC8ADA00BE4A01 /* AdminTools.storyboard */ = {isa = PBXFileReference; lastKnownFileType = file.storyboard; path = AdminTools.storyboard; sourceTree = "<group>"; };
		3AE4B18F2EFC8ADA00BE4A01 /* AccountViewController.swift */ = {isa = PBXFileReference; lastKnownFileType = sourcecode.swift; path = AccountViewController.swift; sourceTree = "<group>"; };
		3AE4B1902EFC8ADA00BE4A01 /* AdminToolsViewController.swift */ = {isa = PBXFileReference; lastKnownFileType = sourcecode.swift; path = AdminToolsViewController.swift; sourceTree = "<group>"; };
		3AE4B1912EFC8ADA00BE4A01 /* CategoryManagementViewController.swift */ = {isa = PBXFileReference; lastKnownFileType = sourcecode.swift; path = CategoryManagementViewController.swift; sourceTree = "<group>"; };
		3AE4B1922EFC8ADA00BE4A01 /* ReportsViewController.swift */ = {isa = PBXFileReference; lastKnownFileType = sourcecode.swift; path = ReportsViewController.swift; sourceTree = "<group>"; };
		3AE4B1932EFC8ADA00BE4A01 /* ReportViewController.swift */ = {isa = PBXFileReference; lastKnownFileType = sourcecode.swift; path = ReportViewController.swift; sourceTree = "<group>"; };
		3AE4B1942EFC8ADA00BE4A01 /* SkillVerificationViewController.swift */ = {isa = PBXFileReference; lastKnownFileType = sourcecode.swift; path = SkillVerificationViewController.swift; sourceTree = "<group>"; };
		3AE4B1952EFC8ADA00BE4A01 /* SkillViewController.swift */ = {isa = PBXFileReference; lastKnownFileType = sourcecode.swift; path = SkillViewController.swift; sourceTree = "<group>"; };
		3AE4B1962EFC8ADA00BE4A01 /* UsersAccountsViewController.swift */ = {isa = PBXFileReference; lastKnownFileType = sourcecode.swift; path = UsersAccountsViewController.swift; sourceTree = "<group>"; };
		3AE4B1982EFC8ADA00BE4A01 /* AdminToolsViewModel.swift */ = {isa = PBXFileReference; lastKnownFileType = sourcecode.swift; path = AdminToolsViewModel.swift; sourceTree = "<group>"; };
		3AE4B1A52EFC8C0800BE4A01 /* TimeCell.swift */ = {isa = PBXFileReference; lastKnownFileType = sourcecode.swift; path = TimeCell.swift; sourceTree = "<group>"; };
		7F5A0D062EFDD109001135C2 /* AvailabilityBlock.swift */ = {isa = PBXFileReference; lastKnownFileType = sourcecode.swift; path = AvailabilityBlock.swift; sourceTree = "<group>"; };
		7F5A0D082EFDDC56001135C2 /* AvailabilityRepository.swift */ = {isa = PBXFileReference; lastKnownFileType = sourcecode.swift; path = AvailabilityRepository.swift; sourceTree = "<group>"; };
		7F5A0D092EFDDC56001135C2 /* BookingRepository.swift */ = {isa = PBXFileReference; lastKnownFileType = sourcecode.swift; path = BookingRepository.swift; sourceTree = "<group>"; };
		7F5A0D0A2EFDDC56001135C2 /* PortfolioRepository.swift */ = {isa = PBXFileReference; lastKnownFileType = sourcecode.swift; path = PortfolioRepository.swift; sourceTree = "<group>"; };
		7F5A0D0B2EFDDC56001135C2 /* ReportRepository.swift */ = {isa = PBXFileReference; lastKnownFileType = sourcecode.swift; path = ReportRepository.swift; sourceTree = "<group>"; };
		7F5A0D0C2EFDDC56001135C2 /* ReviewRepository.swift */ = {isa = PBXFileReference; lastKnownFileType = sourcecode.swift; path = ReviewRepository.swift; sourceTree = "<group>"; };
		7F5A0D0D2EFDDC56001135C2 /* ServiceRepository.swift */ = {isa = PBXFileReference; lastKnownFileType = sourcecode.swift; path = ServiceRepository.swift; sourceTree = "<group>"; };
		7F5A0D0E2EFDDC56001135C2 /* SkillRepository.swift */ = {isa = PBXFileReference; lastKnownFileType = sourcecode.swift; path = SkillRepository.swift; sourceTree = "<group>"; };
		7F5A0D0F2EFDDC56001135C2 /* UserRepository.swift */ = {isa = PBXFileReference; lastKnownFileType = sourcecode.swift; path = UserRepository.swift; sourceTree = "<group>"; };
		7F5A0D182EFDDC9E001135C2 /* Constants.swift */ = {isa = PBXFileReference; lastKnownFileType = sourcecode.swift; path = Constants.swift; sourceTree = "<group>"; };
		7F5A0D192EFDDC9E001135C2 /* Extenstion.swift */ = {isa = PBXFileReference; lastKnownFileType = sourcecode.swift; path = Extenstion.swift; sourceTree = "<group>"; };
		7F5A0D212EFEB0ED001135C2 /* Conversation.swift */ = {isa = PBXFileReference; lastKnownFileType = sourcecode.swift; path = Conversation.swift; sourceTree = "<group>"; };
		7F5A0D232EFEB13E001135C2 /* ChatMessage.swift */ = {isa = PBXFileReference; lastKnownFileType = sourcecode.swift; path = ChatMessage.swift; sourceTree = "<group>"; };
		7F5A0D252EFEB49A001135C2 /* ChatRepository.swift */ = {isa = PBXFileReference; lastKnownFileType = sourcecode.swift; path = ChatRepository.swift; sourceTree = "<group>"; };
		7F5A0D272EFEE471001135C2 /* ProviderSkillsListViewController.swift */ = {isa = PBXFileReference; lastKnownFileType = sourcecode.swift; path = ProviderSkillsListViewController.swift; sourceTree = "<group>"; };
		7F5A0D282EFEE471001135C2 /* SkillDetailsViewController.swift */ = {isa = PBXFileReference; lastKnownFileType = sourcecode.swift; path = SkillDetailsViewController.swift; sourceTree = "<group>"; };
		7F5A0D2B2EFEE48F001135C2 /* AddSkillViewModel.swift */ = {isa = PBXFileReference; lastKnownFileType = sourcecode.swift; path = AddSkillViewModel.swift; sourceTree = "<group>"; };
		7F5A0D2C2EFEE48F001135C2 /* ProviderProfileViewModel.swift */ = {isa = PBXFileReference; lastKnownFileType = sourcecode.swift; path = ProviderProfileViewModel.swift; sourceTree = "<group>"; };
		7F5A0D2D2EFEE48F001135C2 /* ProviderSkillsListViewModel.swift */ = {isa = PBXFileReference; lastKnownFileType = sourcecode.swift; path = ProviderSkillsListViewModel.swift; sourceTree = "<group>"; };
		7F5A0D2E2EFEE48F001135C2 /* SkillDetailsViewModel.swift */ = {isa = PBXFileReference; lastKnownFileType = sourcecode.swift; path = SkillDetailsViewModel.swift; sourceTree = "<group>"; };
		7F6081192EF98CB300FA5639 /* Skill.swift */ = {isa = PBXFileReference; lastKnownFileType = sourcecode.swift; path = Skill.swift; sourceTree = "<group>"; };
		7F60811B2EF98CF700FA5639 /* ServiceCategory.swift */ = {isa = PBXFileReference; lastKnownFileType = sourcecode.swift; path = ServiceCategory.swift; sourceTree = "<group>"; };
		7F60811D2EF99E2C00FA5639 /* Booking.swift */ = {isa = PBXFileReference; lastKnownFileType = sourcecode.swift; path = Booking.swift; sourceTree = "<group>"; };
		7F6081202EF99E2C00FA5639 /* PortfolioProject.swift */ = {isa = PBXFileReference; lastKnownFileType = sourcecode.swift; path = PortfolioProject.swift; sourceTree = "<group>"; };
		7F6081222EF99E2C00FA5639 /* Report.swift */ = {isa = PBXFileReference; lastKnownFileType = sourcecode.swift; path = Report.swift; sourceTree = "<group>"; };
		7F6081242EF99E2C00FA5639 /* Review.swift */ = {isa = PBXFileReference; lastKnownFileType = sourcecode.swift; path = Review.swift; sourceTree = "<group>"; };
		7F6081262EF99E2C00FA5639 /* Service.swift */ = {isa = PBXFileReference; lastKnownFileType = sourcecode.swift; path = Service.swift; sourceTree = "<group>"; };
		7F6081282EF99E2C00FA5639 /* User.swift */ = {isa = PBXFileReference; lastKnownFileType = sourcecode.swift; path = User.swift; sourceTree = "<group>"; };
		7F6081372EFAD01A00FA5639 /* ProviderIntroViewController.swift */ = {isa = PBXFileReference; lastKnownFileType = sourcecode.swift; path = ProviderIntroViewController.swift; sourceTree = "<group>"; };
		7F6081392EFAD16100FA5639 /* ProviderSetupViewController.swift */ = {isa = PBXFileReference; lastKnownFileType = sourcecode.swift; path = ProviderSetupViewController.swift; sourceTree = "<group>"; };
		7F60813B2EFAE09500FA5639 /* ProviderSetupViewModel.swift */ = {isa = PBXFileReference; lastKnownFileType = sourcecode.swift; path = ProviderSetupViewModel.swift; sourceTree = "<group>"; };
		7F6081632EFCF01800FA5639 /* ProviderAvailability.swift */ = {isa = PBXFileReference; lastKnownFileType = sourcecode.swift; path = ProviderAvailability.swift; sourceTree = "<group>"; };
		7F6081652EFCF0A500FA5639 /* LoginViewController.swift */ = {isa = PBXFileReference; lastKnownFileType = sourcecode.swift; path = LoginViewController.swift; sourceTree = "<group>"; };
		7F6081672EFCF0A500FA5639 /* SignUpViewController.swift */ = {isa = PBXFileReference; lastKnownFileType = sourcecode.swift; path = SignUpViewController.swift; sourceTree = "<group>"; };
		7F60816D2EFCF0BD00FA5639 /* AuthViewModel.swift */ = {isa = PBXFileReference; lastKnownFileType = sourcecode.swift; path = AuthViewModel.swift; sourceTree = "<group>"; };
		7F68C3C52EDD93C5005B29E6 /* AppDelegate.swift */ = {isa = PBXFileReference; lastKnownFileType = sourcecode.swift; path = AppDelegate.swift; sourceTree = "<group>"; };
		7F68C3C62EDD93C5005B29E6 /* Assets.xcassets */ = {isa = PBXFileReference; lastKnownFileType = folder.assetcatalog; path = Assets.xcassets; sourceTree = "<group>"; };
		7F68C3C72EDD93C5005B29E6 /* GoogleService-Info.plist */ = {isa = PBXFileReference; lastKnownFileType = text.plist.xml; path = "GoogleService-Info.plist"; sourceTree = "<group>"; };
		7F68C3C82EDD93C5005B29E6 /* Info.plist */ = {isa = PBXFileReference; lastKnownFileType = text.plist.xml; path = Info.plist; sourceTree = "<group>"; };
		7F68C3C92EDD93C5005B29E6 /* Base */ = {isa = PBXFileReference; lastKnownFileType = file.storyboard; name = Base; path = Base.lproj/LaunchScreen.storyboard; sourceTree = "<group>"; };
		7F68C3CD2EDD93C5005B29E6 /* SceneDelegate.swift */ = {isa = PBXFileReference; lastKnownFileType = sourcecode.swift; path = SceneDelegate.swift; sourceTree = "<group>"; };
		7F68C3DD2EDD945E005B29E6 /* Authentication.storyboard */ = {isa = PBXFileReference; lastKnownFileType = file.storyboard; path = Authentication.storyboard; sourceTree = "<group>"; };
		7FA993E72EFD410900CE5748 /* DisputeCenter.storyboard */ = {isa = PBXFileReference; lastKnownFileType = file.storyboard; path = DisputeCenter.storyboard; sourceTree = "<group>"; };
		7FA993E92EFDA20C00CE5748 /* DisputeCenterVC.swift */ = {isa = PBXFileReference; lastKnownFileType = sourcecode.swift; path = DisputeCenterVC.swift; sourceTree = "<group>"; };
		7FAB32ED2EE454C9008AC600 /* Settings.storyboard */ = {isa = PBXFileReference; lastKnownFileType = file.storyboard; path = Settings.storyboard; sourceTree = "<group>"; };
		7FAB32F02EE45500008AC600 /* SettingsMainViewController.swift */ = {isa = PBXFileReference; lastKnownFileType = sourcecode.swift; path = SettingsMainViewController.swift; sourceTree = "<group>"; };
		7FAB32F22EE45552008AC600 /* ChangeEmailViewController.swift */ = {isa = PBXFileReference; lastKnownFileType = sourcecode.swift; path = ChangeEmailViewController.swift; sourceTree = "<group>"; };
		7FAB32F42EE4557B008AC600 /* ChangePhoneViewController.swift */ = {isa = PBXFileReference; lastKnownFileType = sourcecode.swift; path = ChangePhoneViewController.swift; sourceTree = "<group>"; };
		7FAB32F72EE455C1008AC600 /* SettingsViewModel.swift */ = {isa = PBXFileReference; lastKnownFileType = sourcecode.swift; path = SettingsViewModel.swift; sourceTree = "<group>"; };
		7FAB32FD2EE4565D008AC600 /* ProviderProfile.storyboard */ = {isa = PBXFileReference; lastKnownFileType = file.storyboard; path = ProviderProfile.storyboard; sourceTree = "<group>"; };
		7FAB32FF2EE456AD008AC600 /* ProviderMainProfileVC.swift */ = {isa = PBXFileReference; lastKnownFileType = sourcecode.swift; path = ProviderMainProfileVC.swift; sourceTree = "<group>"; };
		7FAB33012EE456D4008AC600 /* ManageSkillsViewController.swift */ = {isa = PBXFileReference; lastKnownFileType = sourcecode.swift; path = ManageSkillsViewController.swift; sourceTree = "<group>"; };
		7FAB33032EE456FC008AC600 /* AddSkillViewController.swift */ = {isa = PBXFileReference; lastKnownFileType = sourcecode.swift; path = AddSkillViewController.swift; sourceTree = "<group>"; };
		7FAB33052EE45720008AC600 /* ProviderProfileViewModel.swift */ = {isa = PBXFileReference; lastKnownFileType = sourcecode.swift; path = ProviderProfileViewModel.swift; sourceTree = "<group>"; };
		7FAB330B2EE457B4008AC600 /* Portfolio.storyboard */ = {isa = PBXFileReference; lastKnownFileType = file.storyboard; path = Portfolio.storyboard; sourceTree = "<group>"; };
		7FAB330D2EE45829008AC600 /* PortfolioListViewController.swift */ = {isa = PBXFileReference; lastKnownFileType = sourcecode.swift; path = PortfolioListViewController.swift; sourceTree = "<group>"; };
		7FAB330F2EE45835008AC600 /* AddProjectViewController.swift */ = {isa = PBXFileReference; lastKnownFileType = sourcecode.swift; path = AddProjectViewController.swift; sourceTree = "<group>"; };
		7FAB33112EE45865008AC600 /* PortfolioViewModel.swift */ = {isa = PBXFileReference; lastKnownFileType = sourcecode.swift; path = PortfolioViewModel.swift; sourceTree = "<group>"; };
		7FAB33192EE45994008AC600 /* Home.storyboard */ = {isa = PBXFileReference; lastKnownFileType = file.storyboard; path = Home.storyboard; sourceTree = "<group>"; };
		7FAB331B2EE459B4008AC600 /* HomeFeedViewController.swift */ = {isa = PBXFileReference; lastKnownFileType = sourcecode.swift; path = HomeFeedViewController.swift; sourceTree = "<group>"; };
		7FAB331D2EE45A16008AC600 /* FilterModalViewController.swift */ = {isa = PBXFileReference; lastKnownFileType = sourcecode.swift; path = FilterModalViewController.swift; sourceTree = "<group>"; };
		7FAB331F2EE45A49008AC600 /* ServiceDetailsViewController.swift */ = {isa = PBXFileReference; lastKnownFileType = sourcecode.swift; path = ServiceDetailsViewController.swift; sourceTree = "<group>"; };
		7FAB33212EE45A6D008AC600 /* HomeViewModel.swift */ = {isa = PBXFileReference; lastKnownFileType = sourcecode.swift; name = HomeViewModel.swift; path = Flux/Features/HomeDiscovery/ViewControllers/HomeViewModel.swift; sourceTree = SOURCE_ROOT; };
		7FAB33232EE45A98008AC600 /* ServiceDetailsViewModel.swift */ = {isa = PBXFileReference; lastKnownFileType = sourcecode.swift; path = ServiceDetailsViewModel.swift; sourceTree = "<group>"; };
		7FAB33292EE45B55008AC600 /* Booking.storyboard */ = {isa = PBXFileReference; lastKnownFileType = file.storyboard; path = Booking.storyboard; sourceTree = "<group>"; };
		7FAB332B2EE45B8B008AC600 /* RequestBookingViewController.swift */ = {isa = PBXFileReference; lastKnownFileType = sourcecode.swift; name = RequestBookingViewController.swift; path = Flux/Features/BookingFlow/Storyboards/RequestBookingViewController.swift; sourceTree = SOURCE_ROOT; };
		7FAB332D2EE45BCF008AC600 /* BookingConfirmationVC.swift */ = {isa = PBXFileReference; lastKnownFileType = sourcecode.swift; path = BookingConfirmationVC.swift; sourceTree = "<group>"; };
		7FAB33352EE45CA5008AC600 /* Requests.storyboard */ = {isa = PBXFileReference; lastKnownFileType = file.storyboard; path = Requests.storyboard; sourceTree = "<group>"; };
		7FAB33372EE45CF7008AC600 /* SeekerRequestListVC.swift */ = {isa = PBXFileReference; lastKnownFileType = sourcecode.swift; name = SeekerRequestListVC.swift; path = Flux/Features/MyRequests/Storyboards/SeekerRequestListVC.swift; sourceTree = SOURCE_ROOT; };
		7FAB33392EE45D30008AC600 /* LeaveReviewViewController.swift */ = {isa = PBXFileReference; lastKnownFileType = sourcecode.swift; path = LeaveReviewViewController.swift; sourceTree = "<group>"; };
		7FAB333B2EE45D73008AC600 /* ReviewSubmittedViewController.swift */ = {isa = PBXFileReference; lastKnownFileType = sourcecode.swift; path = ReviewSubmittedViewController.swift; sourceTree = "<group>"; };
		7FAB333D2EE45DA3008AC600 /* RequestListViewModel.swift */ = {isa = PBXFileReference; lastKnownFileType = sourcecode.swift; path = RequestListViewModel.swift; sourceTree = "<group>"; };
		7FAB33452EE45EB1008AC600 /* ChatListViewController.swift */ = {isa = PBXFileReference; lastKnownFileType = sourcecode.swift; path = ChatListViewController.swift; sourceTree = "<group>"; };
		7FAB33472EE45ED9008AC600 /* ChatRoomViewController.swift */ = {isa = PBXFileReference; lastKnownFileType = sourcecode.swift; path = ChatRoomViewController.swift; sourceTree = "<group>"; };
		7FAB334F2EE45F9E008AC600 /* History.storyboard */ = {isa = PBXFileReference; lastKnownFileType = file.storyboard; path = History.storyboard; sourceTree = "<group>"; };
		7FAB33512EE45FD3008AC600 /* ServiceHistoryViewController.swift */ = {isa = PBXFileReference; lastKnownFileType = sourcecode.swift; path = ServiceHistoryViewController.swift; sourceTree = "<group>"; };
		7FAB33532EE4601B008AC600 /* FavoritesViewController.swift */ = {isa = PBXFileReference; lastKnownFileType = sourcecode.swift; path = FavoritesViewController.swift; sourceTree = "<group>"; };
		7FAB33552EE46047008AC600 /* HistoryViewModel.swift */ = {isa = PBXFileReference; lastKnownFileType = sourcecode.swift; name = HistoryViewModel.swift; path = Flux/Features/HistoryAndFavorites/ViewControllers/HistoryViewModel.swift; sourceTree = SOURCE_ROOT; };
		7FAB335B2EE46130008AC600 /* Dispute.storyboard */ = {isa = PBXFileReference; lastKnownFileType = file.storyboard; path = Dispute.storyboard; sourceTree = "<group>"; };
		7FAB335D2EE46159008AC600 /* ReportUserViewController.swift */ = {isa = PBXFileReference; lastKnownFileType = sourcecode.swift; name = ReportUserViewController.swift; path = Flux/Features/SupportCenter/Storyboards/ReportUserViewController.swift; sourceTree = SOURCE_ROOT; };
		7FAB335F2EE46177008AC600 /* ReportViewModel.swift */ = {isa = PBXFileReference; lastKnownFileType = sourcecode.swift; name = ReportViewModel.swift; path = Flux/Features/SupportCenter/Storyboards/ReportViewModel.swift; sourceTree = SOURCE_ROOT; };
		7FAB33652EE46270008AC600 /* Admin.storyboard */ = {isa = PBXFileReference; lastKnownFileType = file.storyboard; name = Admin.storyboard; path = Flux/Features/SupportCenter/Storyboards/Admin.storyboard; sourceTree = SOURCE_ROOT; };
		7FAB33672EE462A6008AC600 /* AdminHomeViewController.swift */ = {isa = PBXFileReference; lastKnownFileType = sourcecode.swift; path = AdminHomeViewController.swift; sourceTree = "<group>"; };
		7FAB33692EE462D4008AC600 /* UserManagementViewController.swift */ = {isa = PBXFileReference; lastKnownFileType = sourcecode.swift; path = UserManagementViewController.swift; sourceTree = "<group>"; };
		7FAB336B2EE46308008AC600 /* CategoryManagerViewController.swift */ = {isa = PBXFileReference; lastKnownFileType = sourcecode.swift; path = CategoryManagerViewController.swift; sourceTree = "<group>"; };
		7FAB336D2EE4633E008AC600 /* AdminViewModel.swift */ = {isa = PBXFileReference; lastKnownFileType = sourcecode.swift; name = AdminViewModel.swift; path = Flux/Features/AdminDashboard/ViewControllers/AdminViewModel.swift; sourceTree = SOURCE_ROOT; };
		7FAB33732EE464EC008AC600 /* Activity.storyboard */ = {isa = PBXFileReference; lastKnownFileType = file.storyboard; path = Activity.storyboard; sourceTree = "<group>"; };
		7FAB33752EE4652B008AC600 /* NotificationCenterViewController.swift */ = {isa = PBXFileReference; lastKnownFileType = sourcecode.swift; name = NotificationCenterViewController.swift; path = Flux/Features/Notifications/Storyboards/NotificationCenterViewController.swift; sourceTree = SOURCE_ROOT; };
		7FAB33772EE4656A008AC600 /* NotificationViewModel.swift */ = {isa = PBXFileReference; lastKnownFileType = sourcecode.swift; path = NotificationViewModel.swift; sourceTree = "<group>"; };
		7FAB33862EE466A2008AC600 /* Notification.swift */ = {isa = PBXFileReference; lastKnownFileType = sourcecode.swift; path = Notification.swift; sourceTree = "<group>"; };
		7FAB33892EE46701008AC600 /* AuthManager.swift */ = {isa = PBXFileReference; lastKnownFileType = sourcecode.swift; path = AuthManager.swift; sourceTree = "<group>"; };
		7FAB338B2EE46728008AC600 /* FirestoreManager.swift */ = {isa = PBXFileReference; lastKnownFileType = sourcecode.swift; path = FirestoreManager.swift; sourceTree = "<group>"; };
		7FAB338D2EE46741008AC600 /* StorageManager.swift */ = {isa = PBXFileReference; lastKnownFileType = sourcecode.swift; path = StorageManager.swift; sourceTree = "<group>"; };
		7FAB338F2EE4675B008AC600 /* AdminService.swift */ = {isa = PBXFileReference; lastKnownFileType = sourcecode.swift; path = AdminService.swift; sourceTree = "<group>"; };
		7FAB33962EE467CC008AC600 /* Validator.swift */ = {isa = PBXFileReference; lastKnownFileType = sourcecode.swift; path = Validator.swift; sourceTree = "<group>"; };
		7FAB33A32EF189BC008AC600 /* SeekerProfile.storyboard */ = {isa = PBXFileReference; lastKnownFileType = file.storyboard; path = SeekerProfile.storyboard; sourceTree = "<group>"; };
		7FAB33A52EF189FC008AC600 /* SeekerProfileViewController.swift */ = {isa = PBXFileReference; lastKnownFileType = sourcecode.swift; name = SeekerProfileViewController.swift; path = Flux/Features/SeekerProfile/Storyboards/SeekerProfileViewController.swift; sourceTree = SOURCE_ROOT; };
		7FAB33A72EF18A18008AC600 /* SeekerProfileViewModel.swift */ = {isa = PBXFileReference; lastKnownFileType = sourcecode.swift; name = SeekerProfileViewModel.swift; path = Flux/Features/SeekerProfile/Storyboards/SeekerProfileViewModel.swift; sourceTree = SOURCE_ROOT; };
		7FC160E12EDB15FF009B14F4 /* Flux.app */ = {isa = PBXFileReference; explicitFileType = wrapper.application; includeInIndex = 0; path = Flux.app; sourceTree = BUILT_PRODUCTS_DIR; };
		7FE70B302EF30F3500DFBE12 /* ServiceCardCell.swift */ = {isa = PBXFileReference; lastKnownFileType = sourcecode.swift; path = ServiceCardCell.swift; sourceTree = "<group>"; };
		7FE70B322EF83EC600DFBE12 /* AppNavigator.swift */ = {isa = PBXFileReference; lastKnownFileType = sourcecode.swift; path = AppNavigator.swift; sourceTree = "<group>"; };
		ACDA75E22EDDD78500665266 /* Requests-seeker.storyboard */ = {isa = PBXFileReference; lastKnownFileType = file.storyboard; path = "Requests-seeker.storyboard"; sourceTree = "<group>"; };
/* End PBXFileReference section */

/* Begin PBXFrameworksBuildPhase section */
		7FC160DE2EDB15FF009B14F4 /* Frameworks */ = {
			isa = PBXFrameworksBuildPhase;
			buildActionMask = 2147483647;
			files = (
				7FC160FE2EDB2AAF009B14F4 /* FirebaseCore in Frameworks */,
				7FAB339B2EF049FF008AC600 /* FirebaseStorage in Frameworks */,
				7FAB339E2EF17B5D008AC600 /* Cloudinary in Frameworks */,
				7FC161002EDB2ABC009B14F4 /* FirebaseAuth in Frameworks */,
				7FC161022EDB2AD6009B14F4 /* FirebaseFirestore in Frameworks */,
			);
			runOnlyForDeploymentPostprocessing = 0;
		};
/* End PBXFrameworksBuildPhase section */

/* Begin PBXGroup section */
		3AE4B18E2EFC8ADA00BE4A01 /* Storyboards */ = {
			isa = PBXGroup;
			children = (
				3AE4B18D2EFC8ADA00BE4A01 /* AdminTools.storyboard */,
			);
			path = Storyboards;
			sourceTree = "<group>";
		};
		3AE4B1972EFC8ADA00BE4A01 /* ViewControllers */ = {
			isa = PBXGroup;
			children = (
				3AE4B18F2EFC8ADA00BE4A01 /* AccountViewController.swift */,
				3AE4B1902EFC8ADA00BE4A01 /* AdminToolsViewController.swift */,
				3AE4B1912EFC8ADA00BE4A01 /* CategoryManagementViewController.swift */,
				3AE4B1922EFC8ADA00BE4A01 /* ReportsViewController.swift */,
				3AE4B1932EFC8ADA00BE4A01 /* ReportViewController.swift */,
				3AE4B1942EFC8ADA00BE4A01 /* SkillVerificationViewController.swift */,
				3AE4B1952EFC8ADA00BE4A01 /* SkillViewController.swift */,
				3AE4B1962EFC8ADA00BE4A01 /* UsersAccountsViewController.swift */,
			);
			path = ViewControllers;
			sourceTree = "<group>";
		};
		3AE4B1992EFC8ADA00BE4A01 /* ViewModels */ = {
			isa = PBXGroup;
			children = (
				3AE4B1982EFC8ADA00BE4A01 /* AdminToolsViewModel.swift */,
			);
			path = ViewModels;
			sourceTree = "<group>";
		};
		3AE4B19A2EFC8ADA00BE4A01 /* Admin-Tools */ = {
			isa = PBXGroup;
			children = (
				3AE4B18E2EFC8ADA00BE4A01 /* Storyboards */,
				3AE4B1972EFC8ADA00BE4A01 /* ViewControllers */,
				3AE4B1992EFC8ADA00BE4A01 /* ViewModels */,
			);
			path = "Admin-Tools";
			sourceTree = "<group>";
		};
		7F5A0D1D2EFDDF4A001135C2 /* Core */ = {
			isa = PBXGroup;
			children = (
				7FAB33892EE46701008AC600 /* AuthManager.swift */,
				7FAB338B2EE46728008AC600 /* FirestoreManager.swift */,
				7FAB338D2EE46741008AC600 /* StorageManager.swift */,
			);
			path = Core;
			sourceTree = "<group>";
		};
		7F5A0D1E2EFDDF56001135C2 /* Repositories */ = {
			isa = PBXGroup;
			children = (
				7F5A0D082EFDDC56001135C2 /* AvailabilityRepository.swift */,
				7F5A0D092EFDDC56001135C2 /* BookingRepository.swift */,
				7F5A0D0A2EFDDC56001135C2 /* PortfolioRepository.swift */,
				7F5A0D0B2EFDDC56001135C2 /* ReportRepository.swift */,
				7F5A0D0C2EFDDC56001135C2 /* ReviewRepository.swift */,
				7F5A0D0D2EFDDC56001135C2 /* ServiceRepository.swift */,
				7F5A0D0E2EFDDC56001135C2 /* SkillRepository.swift */,
				7F5A0D0F2EFDDC56001135C2 /* UserRepository.swift */,
				7F5A0D252EFEB49A001135C2 /* ChatRepository.swift */,
			);
			path = Repositories;
			sourceTree = "<group>";
		};
		7F5A0D1F2EFDDF78001135C2 /* Admin */ = {
			isa = PBXGroup;
			children = (
				7FAB338F2EE4675B008AC600 /* AdminService.swift */,
			);
			path = Admin;
			sourceTree = "<group>";
		};
		7F5A0D202EFDDF8E001135C2 /* Navigation */ = {
			isa = PBXGroup;
			children = (
				7FE70B322EF83EC600DFBE12 /* AppNavigator.swift */,
			);
			path = Navigation;
			sourceTree = "<group>";
		};
		7F68C3CF2EDD93C5005B29E6 /* Flux */ = {
			isa = PBXGroup;
			children = (
				7FAB33992EE46865008AC600 /* Resources */,
				7FAB33982EE4683E008AC600 /* App */,
				7FAB33912EE46770008AC600 /* Utilities */,
				7FAB33882EE466D4008AC600 /* Services */,
				7FAB33792EE465C5008AC600 /* Models */,
				7F68C3D82EDD93D0005B29E6 /* Features */,
			);
			path = Flux;
			sourceTree = "<group>";
		};
		7F68C3D82EDD93D0005B29E6 /* Features */ = {
			isa = PBXGroup;
			children = (
				7FA993E32EFD403E00CE5748 /* DisputeCenter */,
				7FAB339F2EF1893C008AC600 /* SeekerProfile */,
				7FAB336F2EE4635C008AC600 /* Notifications */,
				7FAB33612EE461B8008AC600 /* AdminDashboard */,
				7FAB33572EE46095008AC600 /* SupportCenter */,
				7FAB334B2EE45F20008AC600 /* HistoryAndFavorites */,
				7FAB333F2EE45DD9008AC600 /* Messaging */,
				7FAB33312EE45C32008AC600 /* MyRequests */,
				7FAB33252EE45AC0008AC600 /* BookingFlow */,
				7FAB33132EE458E0008AC600 /* HomeDiscovery */,
				7FAB33072EE45742008AC600 /* Portfolio */,
				7FAB32F92EE455ED008AC600 /* ProviderProfile */,
				7FAB32EB2EE4545B008AC600 /* AccountSettings */,
				ACDA75DE2EDDD53200665266 /* Requests-Seeker  */,
				7F68C3D92EDD93EC005B29E6 /* Authentication */,
				3AE4B19A2EFC8ADA00BE4A01 /* Admin-Tools */,
			);
			path = Features;
			sourceTree = "<group>";
		};
		7F68C3D92EDD93EC005B29E6 /* Authentication */ = {
			isa = PBXGroup;
			children = (
				7F68C3DC2EDD9426005B29E6 /* ViewModels */,
				7F68C3DB2EDD9418005B29E6 /* Storyboards */,
				7F68C3DA2EDD93FE005B29E6 /* ViewControllers */,
			);
			path = Authentication;
			sourceTree = "<group>";
		};
		7F68C3DA2EDD93FE005B29E6 /* ViewControllers */ = {
			isa = PBXGroup;
			children = (
				7F6081652EFCF0A500FA5639 /* LoginViewController.swift */,
				7F6081672EFCF0A500FA5639 /* SignUpViewController.swift */,
			);
			path = ViewControllers;
			sourceTree = "<group>";
		};
		7F68C3DB2EDD9418005B29E6 /* Storyboards */ = {
			isa = PBXGroup;
			children = (
				7F68C3DD2EDD945E005B29E6 /* Authentication.storyboard */,
			);
			path = Storyboards;
			sourceTree = "<group>";
		};
		7F68C3DC2EDD9426005B29E6 /* ViewModels */ = {
			isa = PBXGroup;
			children = (
				7F60816D2EFCF0BD00FA5639 /* AuthViewModel.swift */,
			);
			path = ViewModels;
			sourceTree = "<group>";
		};
		7FA993E32EFD403E00CE5748 /* DisputeCenter */ = {
			isa = PBXGroup;
			children = (
				7FA993E62EFD408900CE5748 /* Storyboards */,
				7FA993E52EFD408000CE5748 /* ViewModels */,
				7FA993E42EFD406E00CE5748 /* ViewControllers */,
			);
			path = DisputeCenter;
			sourceTree = "<group>";
		};
		7FA993E42EFD406E00CE5748 /* ViewControllers */ = {
			isa = PBXGroup;
			children = (
				7FA993E92EFDA20C00CE5748 /* DisputeCenterVC.swift */,
			);
			path = ViewControllers;
			sourceTree = "<group>";
		};
		7FA993E52EFD408000CE5748 /* ViewModels */ = {
			isa = PBXGroup;
			children = (
			);
			path = ViewModels;
			sourceTree = "<group>";
		};
		7FA993E62EFD408900CE5748 /* Storyboards */ = {
			isa = PBXGroup;
			children = (
				7FA993E72EFD410900CE5748 /* DisputeCenter.storyboard */,
			);
			path = Storyboards;
			sourceTree = "<group>";
		};
		7FAB32EB2EE4545B008AC600 /* AccountSettings */ = {
			isa = PBXGroup;
			children = (
				7FAB32F62EE45591008AC600 /* ViewModels */,
				7FAB32EF2EE454D2008AC600 /* ViewControllers */,
				7FAB32EC2EE45472008AC600 /* Storyboards */,
			);
			path = AccountSettings;
			sourceTree = "<group>";
		};
		7FAB32EC2EE45472008AC600 /* Storyboards */ = {
			isa = PBXGroup;
			children = (
				7FAB32ED2EE454C9008AC600 /* Settings.storyboard */,
			);
			path = Storyboards;
			sourceTree = "<group>";
		};
		7FAB32EF2EE454D2008AC600 /* ViewControllers */ = {
			isa = PBXGroup;
			children = (
				7FAB32F02EE45500008AC600 /* SettingsMainViewController.swift */,
				7FAB32F22EE45552008AC600 /* ChangeEmailViewController.swift */,
				7FAB32F42EE4557B008AC600 /* ChangePhoneViewController.swift */,
			);
			path = ViewControllers;
			sourceTree = "<group>";
		};
		7FAB32F62EE45591008AC600 /* ViewModels */ = {
			isa = PBXGroup;
			children = (
				7FAB32F72EE455C1008AC600 /* SettingsViewModel.swift */,
			);
			path = ViewModels;
			sourceTree = "<group>";
		};
		7FAB32F92EE455ED008AC600 /* ProviderProfile */ = {
			isa = PBXGroup;
			children = (
				7FAB32FC2EE45630008AC600 /* ViewModels */,
				7FAB32FB2EE4561B008AC600 /* ViewContollers */,
				7FAB32FA2EE45601008AC600 /* Storyboards */,
			);
			path = ProviderProfile;
			sourceTree = "<group>";
		};
		7FAB32FA2EE45601008AC600 /* Storyboards */ = {
			isa = PBXGroup;
			children = (
				7FAB32FD2EE4565D008AC600 /* ProviderProfile.storyboard */,
			);
			path = Storyboards;
			sourceTree = "<group>";
		};
		7FAB32FB2EE4561B008AC600 /* ViewContollers */ = {
			isa = PBXGroup;
			children = (
				7F6081392EFAD16100FA5639 /* ProviderSetupViewController.swift */,
				7F6081372EFAD01A00FA5639 /* ProviderIntroViewController.swift */,
				7FAB32FF2EE456AD008AC600 /* ProviderMainProfileVC.swift */,
				7FAB33012EE456D4008AC600 /* ManageSkillsViewController.swift */,
				7FAB33032EE456FC008AC600 /* AddSkillViewController.swift */,
				7F5A0D272EFEE471001135C2 /* ProviderSkillsListViewController.swift */,
				7F5A0D282EFEE471001135C2 /* SkillDetailsViewController.swift */,
			);
			path = ViewContollers;
			sourceTree = "<group>";
		};
		7FAB32FC2EE45630008AC600 /* ViewModels */ = {
			isa = PBXGroup;
			children = (
				7F60813B2EFAE09500FA5639 /* ProviderSetupViewModel.swift */,
				7FAB33052EE45720008AC600 /* ProviderProfileViewModel.swift */,
				7F5A0D2B2EFEE48F001135C2 /* AddSkillViewModel.swift */,
				7F5A0D2C2EFEE48F001135C2 /* ProviderProfileViewModel.swift */,
				7F5A0D2D2EFEE48F001135C2 /* ProviderSkillsListViewModel.swift */,
				7F5A0D2E2EFEE48F001135C2 /* SkillDetailsViewModel.swift */,
			);
			path = ViewModels;
			sourceTree = "<group>";
		};
		7FAB33072EE45742008AC600 /* Portfolio */ = {
			isa = PBXGroup;
			children = (
				7FAB330A2EE45780008AC600 /* ViewModels */,
				7FAB33092EE45768008AC600 /* ViewControllers */,
				7FAB33082EE45756008AC600 /* Stroryboards */,
			);
			path = Portfolio;
			sourceTree = "<group>";
		};
		7FAB33082EE45756008AC600 /* Stroryboards */ = {
			isa = PBXGroup;
			children = (
				7FAB330B2EE457B4008AC600 /* Portfolio.storyboard */,
			);
			path = Stroryboards;
			sourceTree = "<group>";
		};
		7FAB33092EE45768008AC600 /* ViewControllers */ = {
			isa = PBXGroup;
			children = (
				7FAB330F2EE45835008AC600 /* AddProjectViewController.swift */,
				7FAB330D2EE45829008AC600 /* PortfolioListViewController.swift */,
			);
			path = ViewControllers;
			sourceTree = "<group>";
		};
		7FAB330A2EE45780008AC600 /* ViewModels */ = {
			isa = PBXGroup;
			children = (
				7FAB33112EE45865008AC600 /* PortfolioViewModel.swift */,
			);
			path = ViewModels;
			sourceTree = "<group>";
		};
		7FAB33132EE458E0008AC600 /* HomeDiscovery */ = {
			isa = PBXGroup;
			children = (
				7FAB33162EE45937008AC600 /* ViewModels */,
				7FAB33152EE45922008AC600 /* ViewControllers */,
				7FAB33142EE458FE008AC600 /* Storyboards */,
			);
			path = HomeDiscovery;
			sourceTree = "<group>";
		};
		7FAB33142EE458FE008AC600 /* Storyboards */ = {
			isa = PBXGroup;
			children = (
				7FAB33192EE45994008AC600 /* Home.storyboard */,
			);
			path = Storyboards;
			sourceTree = "<group>";
		};
		7FAB33152EE45922008AC600 /* ViewControllers */ = {
			isa = PBXGroup;
			children = (
				7FAB331B2EE459B4008AC600 /* HomeFeedViewController.swift */,
				7FAB331D2EE45A16008AC600 /* FilterModalViewController.swift */,
				7FAB331F2EE45A49008AC600 /* ServiceDetailsViewController.swift */,
			);
			path = ViewControllers;
			sourceTree = "<group>";
		};
		7FAB33162EE45937008AC600 /* ViewModels */ = {
			isa = PBXGroup;
			children = (
				7FAB33212EE45A6D008AC600 /* HomeViewModel.swift */,
				7FAB33232EE45A98008AC600 /* ServiceDetailsViewModel.swift */,
			);
			path = ViewModels;
			sourceTree = "<group>";
		};
		7FAB33252EE45AC0008AC600 /* BookingFlow */ = {
			isa = PBXGroup;
			children = (
				7FAB33282EE45B1A008AC600 /* ViewModels */,
				7FAB33272EE45AFD008AC600 /* ViewControllers */,
				7FAB33262EE45AEC008AC600 /* Storyboards */,
			);
			path = BookingFlow;
			sourceTree = "<group>";
		};
		7FAB33262EE45AEC008AC600 /* Storyboards */ = {
			isa = PBXGroup;
			children = (
				7FAB33292EE45B55008AC600 /* Booking.storyboard */,
			);
			path = Storyboards;
			sourceTree = "<group>";
		};
		7FAB33272EE45AFD008AC600 /* ViewControllers */ = {
			isa = PBXGroup;
			children = (
				7FAB332B2EE45B8B008AC600 /* RequestBookingViewController.swift */,
				7FAB332D2EE45BCF008AC600 /* BookingConfirmationVC.swift */,
				3AE4B1A52EFC8C0800BE4A01 /* TimeCell.swift */,
			);
			path = ViewControllers;
			sourceTree = "<group>";
		};
		7FAB33282EE45B1A008AC600 /* ViewModels */ = {
			isa = PBXGroup;
			children = (
				3AE4B17F2EFC873500BE4A01 /* BookingViewModel.swift */,
			);
			path = ViewModels;
			sourceTree = "<group>";
		};
		7FAB33312EE45C32008AC600 /* MyRequests */ = {
			isa = PBXGroup;
			children = (
				7FAB33342EE45C7F008AC600 /* ViewModels */,
				7FAB33332EE45C6D008AC600 /* ViewControllers */,
				7FAB33322EE45C5A008AC600 /* Storyboards */,
			);
			path = MyRequests;
			sourceTree = "<group>";
		};
		7FAB33322EE45C5A008AC600 /* Storyboards */ = {
			isa = PBXGroup;
			children = (
				7FAB33352EE45CA5008AC600 /* Requests.storyboard */,
			);
			path = Storyboards;
			sourceTree = "<group>";
		};
		7FAB33332EE45C6D008AC600 /* ViewControllers */ = {
			isa = PBXGroup;
			children = (
				7FAB33372EE45CF7008AC600 /* SeekerRequestListVC.swift */,
				7FAB33392EE45D30008AC600 /* LeaveReviewViewController.swift */,
				7FAB333B2EE45D73008AC600 /* ReviewSubmittedViewController.swift */,
			);
			path = ViewControllers;
			sourceTree = "<group>";
		};
		7FAB33342EE45C7F008AC600 /* ViewModels */ = {
			isa = PBXGroup;
			children = (
				7FAB333D2EE45DA3008AC600 /* RequestListViewModel.swift */,
			);
			path = ViewModels;
			sourceTree = "<group>";
		};
		7FAB333F2EE45DD9008AC600 /* Messaging */ = {
			isa = PBXGroup;
			children = (
				7FAB33422EE45E28008AC600 /* ViewModels */,
				7FAB33412EE45E11008AC600 /* ViewControllers */,
				7FAB33402EE45DF6008AC600 /* Storyboards */,
			);
			path = Messaging;
			sourceTree = "<group>";
		};
		7FAB33402EE45DF6008AC600 /* Storyboards */ = {
			isa = PBXGroup;
			children = (
				3AE4B17B2EFC86A900BE4A01 /* Chat.storyboard */,
			);
			path = Storyboards;
			sourceTree = "<group>";
		};
		7FAB33412EE45E11008AC600 /* ViewControllers */ = {
			isa = PBXGroup;
			children = (
				7FAB33452EE45EB1008AC600 /* ChatListViewController.swift */,
				7FAB33472EE45ED9008AC600 /* ChatRoomViewController.swift */,
			);
			path = ViewControllers;
			sourceTree = "<group>";
		};
		7FAB33422EE45E28008AC600 /* ViewModels */ = {
			isa = PBXGroup;
			children = (
				3AE4B17D2EFC86F200BE4A01 /* ChatViewModel.swift */,
			);
			path = ViewModels;
			sourceTree = "<group>";
		};
		7FAB334B2EE45F20008AC600 /* HistoryAndFavorites */ = {
			isa = PBXGroup;
			children = (
				7FAB334E2EE45F6A008AC600 /* ViewModels */,
				7FAB334D2EE45F56008AC600 /* ViewControllers */,
				7FAB334C2EE45F3F008AC600 /* Storyboards */,
			);
			path = HistoryAndFavorites;
			sourceTree = "<group>";
		};
		7FAB334C2EE45F3F008AC600 /* Storyboards */ = {
			isa = PBXGroup;
			children = (
				7FAB334F2EE45F9E008AC600 /* History.storyboard */,
			);
			path = Storyboards;
			sourceTree = "<group>";
		};
		7FAB334D2EE45F56008AC600 /* ViewControllers */ = {
			isa = PBXGroup;
			children = (
				7FAB33512EE45FD3008AC600 /* ServiceHistoryViewController.swift */,
				7FAB33532EE4601B008AC600 /* FavoritesViewController.swift */,
			);
			path = ViewControllers;
			sourceTree = "<group>";
		};
		7FAB334E2EE45F6A008AC600 /* ViewModels */ = {
			isa = PBXGroup;
			children = (
				7FAB33552EE46047008AC600 /* HistoryViewModel.swift */,
			);
			path = ViewModels;
			sourceTree = "<group>";
		};
		7FAB33572EE46095008AC600 /* SupportCenter */ = {
			isa = PBXGroup;
			children = (
				7FAB335A2EE460D4008AC600 /* ViewModels */,
				7FAB33592EE460C0008AC600 /* ViewControllers */,
				7FAB33582EE460B0008AC600 /* Storyboards */,
			);
			path = SupportCenter;
			sourceTree = "<group>";
		};
		7FAB33582EE460B0008AC600 /* Storyboards */ = {
			isa = PBXGroup;
			children = (
				7FAB335B2EE46130008AC600 /* Dispute.storyboard */,
			);
			path = Storyboards;
			sourceTree = "<group>";
		};
		7FAB33592EE460C0008AC600 /* ViewControllers */ = {
			isa = PBXGroup;
			children = (
				7FAB335D2EE46159008AC600 /* ReportUserViewController.swift */,
			);
			path = ViewControllers;
			sourceTree = "<group>";
		};
		7FAB335A2EE460D4008AC600 /* ViewModels */ = {
			isa = PBXGroup;
			children = (
				7FAB335F2EE46177008AC600 /* ReportViewModel.swift */,
			);
			path = ViewModels;
			sourceTree = "<group>";
		};
		7FAB33612EE461B8008AC600 /* AdminDashboard */ = {
			isa = PBXGroup;
			children = (
				7FAB33642EE46248008AC600 /* ViewModels */,
				7FAB33632EE46201008AC600 /* ViewControllers */,
				7FAB33622EE461D1008AC600 /* Storyboards */,
			);
			path = AdminDashboard;
			sourceTree = "<group>";
		};
		7FAB33622EE461D1008AC600 /* Storyboards */ = {
			isa = PBXGroup;
			children = (
				7FAB33652EE46270008AC600 /* Admin.storyboard */,
			);
			path = Storyboards;
			sourceTree = "<group>";
		};
		7FAB33632EE46201008AC600 /* ViewControllers */ = {
			isa = PBXGroup;
			children = (
				7FAB33672EE462A6008AC600 /* AdminHomeViewController.swift */,
				7FAB33692EE462D4008AC600 /* UserManagementViewController.swift */,
				7FAB336B2EE46308008AC600 /* CategoryManagerViewController.swift */,
			);
			path = ViewControllers;
			sourceTree = "<group>";
		};
		7FAB33642EE46248008AC600 /* ViewModels */ = {
			isa = PBXGroup;
			children = (
				7FAB336D2EE4633E008AC600 /* AdminViewModel.swift */,
			);
			path = ViewModels;
			sourceTree = "<group>";
		};
		7FAB336F2EE4635C008AC600 /* Notifications */ = {
			isa = PBXGroup;
			children = (
				7FAB33722EE46484008AC600 /* ViewModels */,
				7FAB33712EE4646F008AC600 /* ViewControllers */,
				7FAB33702EE46461008AC600 /* Storyboards */,
			);
			path = Notifications;
			sourceTree = "<group>";
		};
		7FAB33702EE46461008AC600 /* Storyboards */ = {
			isa = PBXGroup;
			children = (
				7FAB33732EE464EC008AC600 /* Activity.storyboard */,
			);
			path = Storyboards;
			sourceTree = "<group>";
		};
		7FAB33712EE4646F008AC600 /* ViewControllers */ = {
			isa = PBXGroup;
			children = (
				7FAB33752EE4652B008AC600 /* NotificationCenterViewController.swift */,
			);
			path = ViewControllers;
			sourceTree = "<group>";
		};
		7FAB33722EE46484008AC600 /* ViewModels */ = {
			isa = PBXGroup;
			children = (
				7FAB33772EE4656A008AC600 /* NotificationViewModel.swift */,
			);
			path = ViewModels;
			sourceTree = "<group>";
		};
		7FAB33792EE465C5008AC600 /* Models */ = {
			isa = PBXGroup;
			children = (
				7F5A0D232EFEB13E001135C2 /* ChatMessage.swift */,
				7F5A0D212EFEB0ED001135C2 /* Conversation.swift */,
				7F5A0D062EFDD109001135C2 /* AvailabilityBlock.swift */,
				7F60811D2EF99E2C00FA5639 /* Booking.swift */,
				7F6081202EF99E2C00FA5639 /* PortfolioProject.swift */,
				7F6081222EF99E2C00FA5639 /* Report.swift */,
				7F6081242EF99E2C00FA5639 /* Review.swift */,
				7F6081262EF99E2C00FA5639 /* Service.swift */,
				7F6081282EF99E2C00FA5639 /* User.swift */,
				7F60811B2EF98CF700FA5639 /* ServiceCategory.swift */,
				7F6081192EF98CB300FA5639 /* Skill.swift */,
				7FAB33862EE466A2008AC600 /* Notification.swift */,
				7F6081632EFCF01800FA5639 /* ProviderAvailability.swift */,
			);
			path = Models;
			sourceTree = "<group>";
		};
		7FAB33882EE466D4008AC600 /* Services */ = {
			isa = PBXGroup;
			children = (
				7F5A0D202EFDDF8E001135C2 /* Navigation */,
				7F5A0D1F2EFDDF78001135C2 /* Admin */,
				7F5A0D1E2EFDDF56001135C2 /* Repositories */,
				7F5A0D1D2EFDDF4A001135C2 /* Core */,
			);
			path = Services;
			sourceTree = "<group>";
		};
		7FAB33912EE46770008AC600 /* Utilities */ = {
			isa = PBXGroup;
			children = (
				7FAB33962EE467CC008AC600 /* Validator.swift */,
				7F5A0D182EFDDC9E001135C2 /* Constants.swift */,
				7F5A0D192EFDDC9E001135C2 /* Extenstion.swift */,
			);
			path = Utilities;
			sourceTree = "<group>";
		};
		7FAB33982EE4683E008AC600 /* App */ = {
			isa = PBXGroup;
			children = (
				7F68C3C52EDD93C5005B29E6 /* AppDelegate.swift */,
				7F68C3CD2EDD93C5005B29E6 /* SceneDelegate.swift */,
			);
			path = App;
			sourceTree = "<group>";
		};
		7FAB33992EE46865008AC600 /* Resources */ = {
			isa = PBXGroup;
			children = (
				7F68C3C62EDD93C5005B29E6 /* Assets.xcassets */,
				7F68C3C72EDD93C5005B29E6 /* GoogleService-Info.plist */,
				7F68C3CA2EDD93C5005B29E6 /* LaunchScreen.storyboard */,
				7F68C3C82EDD93C5005B29E6 /* Info.plist */,
			);
			path = Resources;
			sourceTree = "<group>";
		};
		7FAB339F2EF1893C008AC600 /* SeekerProfile */ = {
			isa = PBXGroup;
			children = (
				7FAB33A22EF1898E008AC600 /* ViewModels */,
				7FAB33A12EF18979008AC600 /* ViewControllers */,
				7FAB33A02EF18950008AC600 /* Storyboards */,
			);
			path = SeekerProfile;
			sourceTree = "<group>";
		};
		7FAB33A02EF18950008AC600 /* Storyboards */ = {
			isa = PBXGroup;
			children = (
				7FAB33A32EF189BC008AC600 /* SeekerProfile.storyboard */,
			);
			path = Storyboards;
			sourceTree = "<group>";
		};
		7FAB33A12EF18979008AC600 /* ViewControllers */ = {
			isa = PBXGroup;
			children = (
				7FAB33A52EF189FC008AC600 /* SeekerProfileViewController.swift */,
				7FE70B302EF30F3500DFBE12 /* ServiceCardCell.swift */,
			);
			path = ViewControllers;
			sourceTree = "<group>";
		};
		7FAB33A22EF1898E008AC600 /* ViewModels */ = {
			isa = PBXGroup;
			children = (
				7FAB33A72EF18A18008AC600 /* SeekerProfileViewModel.swift */,
			);
			path = ViewModels;
			sourceTree = "<group>";
		};
		7FC160D82EDB15FF009B14F4 = {
			isa = PBXGroup;
			children = (
				7FC160FC2EDB2AAF009B14F4 /* Frameworks */,
				7FC160E22EDB15FF009B14F4 /* Products */,
				7F68C3CF2EDD93C5005B29E6 /* Flux */,
			);
			sourceTree = "<group>";
		};
		7FC160E22EDB15FF009B14F4 /* Products */ = {
			isa = PBXGroup;
			children = (
				7FC160E12EDB15FF009B14F4 /* Flux.app */,
			);
			name = Products;
			sourceTree = "<group>";
		};
		7FC160FC2EDB2AAF009B14F4 /* Frameworks */ = {
			isa = PBXGroup;
			children = (
			);
			name = Frameworks;
			sourceTree = "<group>";
		};
		ACDA75DE2EDDD53200665266 /* Requests-Seeker  */ = {
			isa = PBXGroup;
			children = (
				ACDA75E12EDDD5D400665266 /* ViewControllers  */,
				ACDA75E02EDDD5BE00665266 /* Storyboards */,
				ACDA75DF2EDDD5AB00665266 /* ViewModels */,
			);
			path = "Requests-Seeker ";
			sourceTree = "<group>";
		};
		ACDA75DF2EDDD5AB00665266 /* ViewModels */ = {
			isa = PBXGroup;
			children = (
			);
			path = ViewModels;
			sourceTree = "<group>";
		};
		ACDA75E02EDDD5BE00665266 /* Storyboards */ = {
			isa = PBXGroup;
			children = (
				ACDA75E22EDDD78500665266 /* Requests-seeker.storyboard */,
			);
			path = Storyboards;
			sourceTree = "<group>";
		};
		ACDA75E12EDDD5D400665266 /* ViewControllers  */ = {
			isa = PBXGroup;
			children = (
			);
			path = "ViewControllers ";
			sourceTree = "<group>";
		};
/* End PBXGroup section */

/* Begin PBXNativeTarget section */
		7FC160E02EDB15FF009B14F4 /* Flux */ = {
			isa = PBXNativeTarget;
			buildConfigurationList = 7FC160F42EDB1601009B14F4 /* Build configuration list for PBXNativeTarget "Flux" */;
			buildPhases = (
				7FC160DD2EDB15FF009B14F4 /* Sources */,
				7FC160DE2EDB15FF009B14F4 /* Frameworks */,
				7FC160DF2EDB15FF009B14F4 /* Resources */,
			);
			buildRules = (
			);
			dependencies = (
			);
			name = Flux;
			packageProductDependencies = (
				7FC160FD2EDB2AAF009B14F4 /* FirebaseCore */,
				7FC160FF2EDB2ABC009B14F4 /* FirebaseAuth */,
				7FC161012EDB2AD6009B14F4 /* FirebaseFirestore */,
				7FAB339A2EF049FF008AC600 /* FirebaseStorage */,
				7FAB339D2EF17B5D008AC600 /* Cloudinary */,
			);
			productName = Flux;
			productReference = 7FC160E12EDB15FF009B14F4 /* Flux.app */;
			productType = "com.apple.product-type.application";
		};
/* End PBXNativeTarget section */

/* Begin PBXProject section */
		7FC160D92EDB15FF009B14F4 /* Project object */ = {
			isa = PBXProject;
			attributes = {
				BuildIndependentTargetsInParallel = 1;
				LastSwiftUpdateCheck = 1640;
				LastUpgradeCheck = 1640;
				TargetAttributes = {
					7FC160E02EDB15FF009B14F4 = {
						CreatedOnToolsVersion = 16.4;
					};
				};
			};
			buildConfigurationList = 7FC160DC2EDB15FF009B14F4 /* Build configuration list for PBXProject "Flux" */;
			developmentRegion = en;
			hasScannedForEncodings = 0;
			knownRegions = (
				en,
				Base,
			);
			mainGroup = 7FC160D82EDB15FF009B14F4;
			minimizedProjectReferenceProxies = 1;
			packageReferences = (
				7FC160FB2EDB27D5009B14F4 /* XCRemoteSwiftPackageReference "firebase-ios-sdk" */,
				7FAB339C2EF17B5D008AC600 /* XCRemoteSwiftPackageReference "cloudinary_ios" */,
			);
			preferredProjectObjectVersion = 77;
			productRefGroup = 7FC160E22EDB15FF009B14F4 /* Products */;
			projectDirPath = "";
			projectRoot = "";
			targets = (
				7FC160E02EDB15FF009B14F4 /* Flux */,
			);
		};
/* End PBXProject section */

/* Begin PBXResourcesBuildPhase section */
		7FC160DF2EDB15FF009B14F4 /* Resources */ = {
			isa = PBXResourcesBuildPhase;
			buildActionMask = 2147483647;
			files = (
				7FAB330C2EE457B4008AC600 /* Portfolio.storyboard in Resources */,
				7FA993E82EFD410900CE5748 /* DisputeCenter.storyboard in Resources */,
				7FAB33742EE464EC008AC600 /* Activity.storyboard in Resources */,
				3AE4B1A42EFC8ADA00BE4A01 /* AdminTools.storyboard in Resources */,
				7FAB335C2EE46130008AC600 /* Dispute.storyboard in Resources */,
				7FAB331A2EE45994008AC600 /* Home.storyboard in Resources */,
				7FAB33A42EF189BC008AC600 /* SeekerProfile.storyboard in Resources */,
				7F68C3D32EDD93C5005B29E6 /* Assets.xcassets in Resources */,
				7F68C3D42EDD93C5005B29E6 /* GoogleService-Info.plist in Resources */,
				7F68C3D62EDD93C5005B29E6 /* LaunchScreen.storyboard in Resources */,
				7FAB332A2EE45B55008AC600 /* Booking.storyboard in Resources */,
				7FAB32EE2EE454C9008AC600 /* Settings.storyboard in Resources */,
				7FAB33502EE45F9E008AC600 /* History.storyboard in Resources */,
				7FAB33362EE45CA5008AC600 /* Requests.storyboard in Resources */,
				7FAB32FE2EE4565D008AC600 /* ProviderProfile.storyboard in Resources */,
				7F68C3DE2EDD945E005B29E6 /* Authentication.storyboard in Resources */,
				7FAB33662EE46270008AC600 /* Admin.storyboard in Resources */,
				3AE4B17C2EFC86A900BE4A01 /* Chat.storyboard in Resources */,
				ACDA75E32EDDD78500665266 /* Requests-seeker.storyboard in Resources */,
			);
			runOnlyForDeploymentPostprocessing = 0;
		};
/* End PBXResourcesBuildPhase section */

/* Begin PBXSourcesBuildPhase section */
		7FC160DD2EDB15FF009B14F4 /* Sources */ = {
			isa = PBXSourcesBuildPhase;
			buildActionMask = 2147483647;
			files = (
				7FAB33762EE4652B008AC600 /* NotificationCenterViewController.swift in Sources */,
				7FE70B332EF83EC600DFBE12 /* AppNavigator.swift in Sources */,
				7F5A0D2F2EFEE48F001135C2 /* AddSkillViewModel.swift in Sources */,
				7F5A0D302EFEE48F001135C2 /* ProviderProfileViewModel.swift in Sources */,
				7F5A0D312EFEE48F001135C2 /* SkillDetailsViewModel.swift in Sources */,
				7F5A0D322EFEE48F001135C2 /* ProviderSkillsListViewModel.swift in Sources */,
				7FAB338E2EE46741008AC600 /* StorageManager.swift in Sources */,
				3AE4B19B2EFC8ADA00BE4A01 /* SkillViewController.swift in Sources */,
				3AE4B19C2EFC8ADA00BE4A01 /* AccountViewController.swift in Sources */,
				3AE4B19D2EFC8ADA00BE4A01 /* CategoryManagementViewController.swift in Sources */,
				3AE4B19E2EFC8ADA00BE4A01 /* ReportsViewController.swift in Sources */,
				3AE4B19F2EFC8ADA00BE4A01 /* AdminToolsViewModel.swift in Sources */,
				3AE4B1A02EFC8ADA00BE4A01 /* ReportViewController.swift in Sources */,
				3AE4B1A12EFC8ADA00BE4A01 /* UsersAccountsViewController.swift in Sources */,
				3AE4B1A22EFC8ADA00BE4A01 /* AdminToolsViewController.swift in Sources */,
				3AE4B1A32EFC8ADA00BE4A01 /* SkillVerificationViewController.swift in Sources */,
				7FAB33062EE45720008AC600 /* ProviderProfileViewModel.swift in Sources */,
				7F60811C2EF98CFC00FA5639 /* ServiceCategory.swift in Sources */,
				7FAB332E2EE45BCF008AC600 /* BookingConfirmationVC.swift in Sources */,
				7F5A0D1A2EFDDC9E001135C2 /* Extenstion.swift in Sources */,
				7F5A0D1B2EFDDC9E001135C2 /* Constants.swift in Sources */,
				7FAB33522EE45FD3008AC600 /* ServiceHistoryViewController.swift in Sources */,
				7FAB33242EE45A98008AC600 /* ServiceDetailsViewModel.swift in Sources */,
				7F68C3D02EDD93C5005B29E6 /* AppDelegate.swift in Sources */,
				7FE70B312EF30F3500DFBE12 /* ServiceCardCell.swift in Sources */,
				7FAB335E2EE46159008AC600 /* ReportUserViewController.swift in Sources */,
				7FAB336A2EE462D4008AC600 /* UserManagementViewController.swift in Sources */,
				7FAB336C2EE46308008AC600 /* CategoryManagerViewController.swift in Sources */,
				7FAB33682EE462A6008AC600 /* AdminHomeViewController.swift in Sources */,
				7FAB332C2EE45B8B008AC600 /* RequestBookingViewController.swift in Sources */,
				7FAB32F12EE45519008AC600 /* SettingsMainViewController.swift in Sources */,
				7F60811A2EF98CB700FA5639 /* Skill.swift in Sources */,
				7FAB33542EE4601B008AC600 /* FavoritesViewController.swift in Sources */,
				7FAB33602EE46177008AC600 /* ReportViewModel.swift in Sources */,
				7FAB33872EE466A2008AC600 /* Notification.swift in Sources */,
				7FAB33902EE4675B008AC600 /* AdminService.swift in Sources */,
				7FAB33222EE45A6D008AC600 /* HomeViewModel.swift in Sources */,
				7FAB32F52EE4557B008AC600 /* ChangePhoneViewController.swift in Sources */,
				7FAB333A2EE45D30008AC600 /* LeaveReviewViewController.swift in Sources */,
				7F60816E2EFCF0BD00FA5639 /* AuthViewModel.swift in Sources */,
				7FAB338A2EE46701008AC600 /* AuthManager.swift in Sources */,
				7FAB33102EE45856008AC600 /* AddProjectViewController.swift in Sources */,
				7FAB33022EE456D4008AC600 /* ManageSkillsViewController.swift in Sources */,
				3AE4B17E2EFC86F200BE4A01 /* ChatViewModel.swift in Sources */,
				7FAB33382EE45CF7008AC600 /* SeekerRequestListVC.swift in Sources */,
				7F6081642EFCF01800FA5639 /* ProviderAvailability.swift in Sources */,
				7F6081382EFAD01F00FA5639 /* ProviderIntroViewController.swift in Sources */,
				7FAB33002EE456AD008AC600 /* ProviderMainProfileVC.swift in Sources */,
				7FA993EA2EFDA20C00CE5748 /* DisputeCenterVC.swift in Sources */,
				7FAB33122EE4587B008AC600 /* PortfolioViewModel.swift in Sources */,
				7F5A0D102EFDDC56001135C2 /* PortfolioRepository.swift in Sources */,
				7F5A0D112EFDDC56001135C2 /* ReportRepository.swift in Sources */,
				7F5A0D122EFDDC56001135C2 /* ReviewRepository.swift in Sources */,
				7F5A0D222EFEB0F1001135C2 /* Conversation.swift in Sources */,
				7F5A0D132EFDDC56001135C2 /* ServiceRepository.swift in Sources */,
				7F5A0D142EFDDC56001135C2 /* UserRepository.swift in Sources */,
				7F5A0D152EFDDC56001135C2 /* SkillRepository.swift in Sources */,
				7F5A0D162EFDDC56001135C2 /* AvailabilityRepository.swift in Sources */,
				7F5A0D172EFDDC56001135C2 /* BookingRepository.swift in Sources */,
				7FAB331E2EE45A16008AC600 /* FilterModalViewController.swift in Sources */,
				7FAB33462EE45EB1008AC600 /* ChatListViewController.swift in Sources */,
				7FAB336E2EE4633E008AC600 /* AdminViewModel.swift in Sources */,
				7F60812A2EF99E2C00FA5639 /* Report.swift in Sources */,
				7F60812B2EF99E2C00FA5639 /* Review.swift in Sources */,
				7F60812C2EF99E2C00FA5639 /* PortfolioProject.swift in Sources */,
				7F5A0D072EFDD10C001135C2 /* AvailabilityBlock.swift in Sources */,
				7F60813C2EFAE09A00FA5639 /* ProviderSetupViewModel.swift in Sources */,
				7F60812D2EF99E2C00FA5639 /* User.swift in Sources */,
				7F5A0D262EFEB49A001135C2 /* ChatRepository.swift in Sources */,
				7F60812E2EF99E2C00FA5639 /* Booking.swift in Sources */,
				7F60812F2EF99E2C00FA5639 /* Service.swift in Sources */,
				7FAB32F32EE45552008AC600 /* ChangeEmailViewController.swift in Sources */,
				7F5A0D292EFEE471001135C2 /* ProviderSkillsListViewController.swift in Sources */,
				7F5A0D2A2EFEE471001135C2 /* SkillDetailsViewController.swift in Sources */,
				3AE4B1A62EFC8C0800BE4A01 /* TimeCell.swift in Sources */,
				7FAB33562EE46047008AC600 /* HistoryViewModel.swift in Sources */,
				7F60816A2EFCF0A500FA5639 /* LoginViewController.swift in Sources */,
				7F60816C2EFCF0A500FA5639 /* SignUpViewController.swift in Sources */,
				7FAB333C2EE45D73008AC600 /* ReviewSubmittedViewController.swift in Sources */,
				7FAB33A62EF189FC008AC600 /* SeekerProfileViewController.swift in Sources */,
				7FAB33A82EF18A18008AC600 /* SeekerProfileViewModel.swift in Sources */,
				7FAB338C2EE46728008AC600 /* FirestoreManager.swift in Sources */,
				7FAB33042EE456FC008AC600 /* AddSkillViewController.swift in Sources */,
				7F68C3D12EDD93C5005B29E6 /* SceneDelegate.swift in Sources */,
				7FAB33202EE45A49008AC600 /* ServiceDetailsViewController.swift in Sources */,
				3AE4B1802EFC873500BE4A01 /* BookingViewModel.swift in Sources */,
				7F5A0D242EFEB141001135C2 /* ChatMessage.swift in Sources */,
				7F60813A2EFAD16A00FA5639 /* ProviderSetupViewController.swift in Sources */,
				7FAB330E2EE45829008AC600 /* PortfolioListViewController.swift in Sources */,
				7FAB333E2EE45DA3008AC600 /* RequestListViewModel.swift in Sources */,
				7FAB33782EE4656A008AC600 /* NotificationViewModel.swift in Sources */,
				7FAB33972EE467CC008AC600 /* Validator.swift in Sources */,
				7FAB331C2EE459B4008AC600 /* HomeFeedViewController.swift in Sources */,
				7FAB32F82EE455C1008AC600 /* SettingsViewModel.swift in Sources */,
				7FAB33482EE45ED9008AC600 /* ChatRoomViewController.swift in Sources */,
			);
			runOnlyForDeploymentPostprocessing = 0;
		};
/* End PBXSourcesBuildPhase section */

/* Begin PBXVariantGroup section */
		7F68C3CA2EDD93C5005B29E6 /* LaunchScreen.storyboard */ = {
			isa = PBXVariantGroup;
			children = (
				7F68C3C92EDD93C5005B29E6 /* Base */,
			);
			name = LaunchScreen.storyboard;
			sourceTree = "<group>";
		};
/* End PBXVariantGroup section */

/* Begin XCBuildConfiguration section */
		7FC160F52EDB1601009B14F4 /* Debug */ = {
			isa = XCBuildConfiguration;
			buildSettings = {
				ASSETCATALOG_COMPILER_APPICON_NAME = AppIcon;
				ASSETCATALOG_COMPILER_GLOBAL_ACCENT_COLOR_NAME = AccentColor;
				CODE_SIGN_STYLE = Automatic;
				CURRENT_PROJECT_VERSION = 1;
				GENERATE_INFOPLIST_FILE = YES;
				INFOPLIST_FILE = Flux/Resources/Info.plist;
				INFOPLIST_KEY_UIApplicationSupportsIndirectInputEvents = YES;
				INFOPLIST_KEY_UILaunchStoryboardName = LaunchScreen.storyboard;
				INFOPLIST_KEY_UIMainStoryboardFile = DisputeCenter;
				INFOPLIST_KEY_UISupportedInterfaceOrientations_iPad = "UIInterfaceOrientationPortrait UIInterfaceOrientationPortraitUpsideDown UIInterfaceOrientationLandscapeLeft UIInterfaceOrientationLandscapeRight";
				INFOPLIST_KEY_UISupportedInterfaceOrientations_iPhone = "UIInterfaceOrientationPortrait UIInterfaceOrientationLandscapeLeft UIInterfaceOrientationLandscapeRight";
				LD_RUNPATH_SEARCH_PATHS = (
					"$(inherited)",
					"@executable_path/Frameworks",
				);
				MARKETING_VERSION = 1.0;
				PRODUCT_BUNDLE_IDENTIFIER = flux.com.Flux;
				PRODUCT_NAME = "$(TARGET_NAME)";
				SWIFT_EMIT_LOC_STRINGS = YES;
				SWIFT_VERSION = 5.0;
				TARGETED_DEVICE_FAMILY = "1,2";
			};
			name = Debug;
		};
		7FC160F62EDB1601009B14F4 /* Release */ = {
			isa = XCBuildConfiguration;
			buildSettings = {
				ASSETCATALOG_COMPILER_APPICON_NAME = AppIcon;
				ASSETCATALOG_COMPILER_GLOBAL_ACCENT_COLOR_NAME = AccentColor;
				CODE_SIGN_STYLE = Automatic;
				CURRENT_PROJECT_VERSION = 1;
				GENERATE_INFOPLIST_FILE = YES;
				INFOPLIST_FILE = Flux/Resources/Info.plist;
				INFOPLIST_KEY_UIApplicationSupportsIndirectInputEvents = YES;
				INFOPLIST_KEY_UILaunchStoryboardName = LaunchScreen.storyboard;
				INFOPLIST_KEY_UIMainStoryboardFile = DisputeCenter;
				INFOPLIST_KEY_UISupportedInterfaceOrientations_iPad = "UIInterfaceOrientationPortrait UIInterfaceOrientationPortraitUpsideDown UIInterfaceOrientationLandscapeLeft UIInterfaceOrientationLandscapeRight";
				INFOPLIST_KEY_UISupportedInterfaceOrientations_iPhone = "UIInterfaceOrientationPortrait UIInterfaceOrientationLandscapeLeft UIInterfaceOrientationLandscapeRight";
				LD_RUNPATH_SEARCH_PATHS = (
					"$(inherited)",
					"@executable_path/Frameworks",
				);
				MARKETING_VERSION = 1.0;
				PRODUCT_BUNDLE_IDENTIFIER = flux.com.Flux;
				PRODUCT_NAME = "$(TARGET_NAME)";
				SWIFT_EMIT_LOC_STRINGS = YES;
				SWIFT_VERSION = 5.0;
				TARGETED_DEVICE_FAMILY = "1,2";
			};
			name = Release;
		};
		7FC160F72EDB1601009B14F4 /* Debug */ = {
			isa = XCBuildConfiguration;
			buildSettings = {
				ALWAYS_SEARCH_USER_PATHS = NO;
				ASSETCATALOG_COMPILER_GENERATE_SWIFT_ASSET_SYMBOL_EXTENSIONS = YES;
				CLANG_ANALYZER_NONNULL = YES;
				CLANG_ANALYZER_NUMBER_OBJECT_CONVERSION = YES_AGGRESSIVE;
				CLANG_CXX_LANGUAGE_STANDARD = "gnu++20";
				CLANG_ENABLE_MODULES = YES;
				CLANG_ENABLE_OBJC_ARC = YES;
				CLANG_ENABLE_OBJC_WEAK = YES;
				CLANG_WARN_BLOCK_CAPTURE_AUTORELEASING = YES;
				CLANG_WARN_BOOL_CONVERSION = YES;
				CLANG_WARN_COMMA = YES;
				CLANG_WARN_CONSTANT_CONVERSION = YES;
				CLANG_WARN_DEPRECATED_OBJC_IMPLEMENTATIONS = YES;
				CLANG_WARN_DIRECT_OBJC_ISA_USAGE = YES_ERROR;
				CLANG_WARN_DOCUMENTATION_COMMENTS = YES;
				CLANG_WARN_EMPTY_BODY = YES;
				CLANG_WARN_ENUM_CONVERSION = YES;
				CLANG_WARN_INFINITE_RECURSION = YES;
				CLANG_WARN_INT_CONVERSION = YES;
				CLANG_WARN_NON_LITERAL_NULL_CONVERSION = YES;
				CLANG_WARN_OBJC_IMPLICIT_RETAIN_SELF = YES;
				CLANG_WARN_OBJC_LITERAL_CONVERSION = YES;
				CLANG_WARN_OBJC_ROOT_CLASS = YES_ERROR;
				CLANG_WARN_QUOTED_INCLUDE_IN_FRAMEWORK_HEADER = YES;
				CLANG_WARN_RANGE_LOOP_ANALYSIS = YES;
				CLANG_WARN_STRICT_PROTOTYPES = YES;
				CLANG_WARN_SUSPICIOUS_MOVE = YES;
				CLANG_WARN_UNGUARDED_AVAILABILITY = YES_AGGRESSIVE;
				CLANG_WARN_UNREACHABLE_CODE = YES;
				CLANG_WARN__DUPLICATE_METHOD_MATCH = YES;
				COPY_PHASE_STRIP = NO;
				DEBUG_INFORMATION_FORMAT = dwarf;
				ENABLE_STRICT_OBJC_MSGSEND = YES;
				ENABLE_TESTABILITY = YES;
				ENABLE_USER_SCRIPT_SANDBOXING = YES;
				GCC_C_LANGUAGE_STANDARD = gnu17;
				GCC_DYNAMIC_NO_PIC = NO;
				GCC_NO_COMMON_BLOCKS = YES;
				GCC_OPTIMIZATION_LEVEL = 0;
				GCC_PREPROCESSOR_DEFINITIONS = (
					"DEBUG=1",
					"$(inherited)",
				);
				GCC_WARN_64_TO_32_BIT_CONVERSION = YES;
				GCC_WARN_ABOUT_RETURN_TYPE = YES_ERROR;
				GCC_WARN_UNDECLARED_SELECTOR = YES;
				GCC_WARN_UNINITIALIZED_AUTOS = YES_AGGRESSIVE;
				GCC_WARN_UNUSED_FUNCTION = YES;
				GCC_WARN_UNUSED_VARIABLE = YES;
				IPHONEOS_DEPLOYMENT_TARGET = 18.5;
				LOCALIZATION_PREFERS_STRING_CATALOGS = YES;
				MTL_ENABLE_DEBUG_INFO = INCLUDE_SOURCE;
				MTL_FAST_MATH = YES;
				ONLY_ACTIVE_ARCH = YES;
				SDKROOT = iphoneos;
				SWIFT_ACTIVE_COMPILATION_CONDITIONS = "DEBUG $(inherited)";
				SWIFT_OPTIMIZATION_LEVEL = "-Onone";
			};
			name = Debug;
		};
		7FC160F82EDB1601009B14F4 /* Release */ = {
			isa = XCBuildConfiguration;
			buildSettings = {
				ALWAYS_SEARCH_USER_PATHS = NO;
				ASSETCATALOG_COMPILER_GENERATE_SWIFT_ASSET_SYMBOL_EXTENSIONS = YES;
				CLANG_ANALYZER_NONNULL = YES;
				CLANG_ANALYZER_NUMBER_OBJECT_CONVERSION = YES_AGGRESSIVE;
				CLANG_CXX_LANGUAGE_STANDARD = "gnu++20";
				CLANG_ENABLE_MODULES = YES;
				CLANG_ENABLE_OBJC_ARC = YES;
				CLANG_ENABLE_OBJC_WEAK = YES;
				CLANG_WARN_BLOCK_CAPTURE_AUTORELEASING = YES;
				CLANG_WARN_BOOL_CONVERSION = YES;
				CLANG_WARN_COMMA = YES;
				CLANG_WARN_CONSTANT_CONVERSION = YES;
				CLANG_WARN_DEPRECATED_OBJC_IMPLEMENTATIONS = YES;
				CLANG_WARN_DIRECT_OBJC_ISA_USAGE = YES_ERROR;
				CLANG_WARN_DOCUMENTATION_COMMENTS = YES;
				CLANG_WARN_EMPTY_BODY = YES;
				CLANG_WARN_ENUM_CONVERSION = YES;
				CLANG_WARN_INFINITE_RECURSION = YES;
				CLANG_WARN_INT_CONVERSION = YES;
				CLANG_WARN_NON_LITERAL_NULL_CONVERSION = YES;
				CLANG_WARN_OBJC_IMPLICIT_RETAIN_SELF = YES;
				CLANG_WARN_OBJC_LITERAL_CONVERSION = YES;
				CLANG_WARN_OBJC_ROOT_CLASS = YES_ERROR;
				CLANG_WARN_QUOTED_INCLUDE_IN_FRAMEWORK_HEADER = YES;
				CLANG_WARN_RANGE_LOOP_ANALYSIS = YES;
				CLANG_WARN_STRICT_PROTOTYPES = YES;
				CLANG_WARN_SUSPICIOUS_MOVE = YES;
				CLANG_WARN_UNGUARDED_AVAILABILITY = YES_AGGRESSIVE;
				CLANG_WARN_UNREACHABLE_CODE = YES;
				CLANG_WARN__DUPLICATE_METHOD_MATCH = YES;
				COPY_PHASE_STRIP = NO;
				DEBUG_INFORMATION_FORMAT = "dwarf-with-dsym";
				ENABLE_NS_ASSERTIONS = NO;
				ENABLE_STRICT_OBJC_MSGSEND = YES;
				ENABLE_USER_SCRIPT_SANDBOXING = YES;
				GCC_C_LANGUAGE_STANDARD = gnu17;
				GCC_NO_COMMON_BLOCKS = YES;
				GCC_WARN_64_TO_32_BIT_CONVERSION = YES;
				GCC_WARN_ABOUT_RETURN_TYPE = YES_ERROR;
				GCC_WARN_UNDECLARED_SELECTOR = YES;
				GCC_WARN_UNINITIALIZED_AUTOS = YES_AGGRESSIVE;
				GCC_WARN_UNUSED_FUNCTION = YES;
				GCC_WARN_UNUSED_VARIABLE = YES;
				IPHONEOS_DEPLOYMENT_TARGET = 18.5;
				LOCALIZATION_PREFERS_STRING_CATALOGS = YES;
				MTL_ENABLE_DEBUG_INFO = NO;
				MTL_FAST_MATH = YES;
				SDKROOT = iphoneos;
				SWIFT_COMPILATION_MODE = wholemodule;
				VALIDATE_PRODUCT = YES;
			};
			name = Release;
		};
/* End XCBuildConfiguration section */

/* Begin XCConfigurationList section */
		7FC160DC2EDB15FF009B14F4 /* Build configuration list for PBXProject "Flux" */ = {
			isa = XCConfigurationList;
			buildConfigurations = (
				7FC160F72EDB1601009B14F4 /* Debug */,
				7FC160F82EDB1601009B14F4 /* Release */,
			);
			defaultConfigurationIsVisible = 0;
			defaultConfigurationName = Release;
		};
		7FC160F42EDB1601009B14F4 /* Build configuration list for PBXNativeTarget "Flux" */ = {
			isa = XCConfigurationList;
			buildConfigurations = (
				7FC160F52EDB1601009B14F4 /* Debug */,
				7FC160F62EDB1601009B14F4 /* Release */,
			);
			defaultConfigurationIsVisible = 0;
			defaultConfigurationName = Release;
		};
/* End XCConfigurationList section */

/* Begin XCRemoteSwiftPackageReference section */
		7FAB339C2EF17B5D008AC600 /* XCRemoteSwiftPackageReference "cloudinary_ios" */ = {
			isa = XCRemoteSwiftPackageReference;
			repositoryURL = "https://github.com/cloudinary/cloudinary_ios";
			requirement = {
				kind = upToNextMajorVersion;
				minimumVersion = 5.2.4;
			};
		};
		7FC160FB2EDB27D5009B14F4 /* XCRemoteSwiftPackageReference "firebase-ios-sdk" */ = {
			isa = XCRemoteSwiftPackageReference;
			repositoryURL = "https://github.com/firebase/firebase-ios-sdk";
			requirement = {
				kind = upToNextMajorVersion;
				minimumVersion = 12.6.0;
			};
		};
/* End XCRemoteSwiftPackageReference section */

/* Begin XCSwiftPackageProductDependency section */
		7FAB339A2EF049FF008AC600 /* FirebaseStorage */ = {
			isa = XCSwiftPackageProductDependency;
			package = 7FC160FB2EDB27D5009B14F4 /* XCRemoteSwiftPackageReference "firebase-ios-sdk" */;
			productName = FirebaseStorage;
		};
		7FAB339D2EF17B5D008AC600 /* Cloudinary */ = {
			isa = XCSwiftPackageProductDependency;
			package = 7FAB339C2EF17B5D008AC600 /* XCRemoteSwiftPackageReference "cloudinary_ios" */;
			productName = Cloudinary;
		};
		7FC160FD2EDB2AAF009B14F4 /* FirebaseCore */ = {
			isa = XCSwiftPackageProductDependency;
			package = 7FC160FB2EDB27D5009B14F4 /* XCRemoteSwiftPackageReference "firebase-ios-sdk" */;
			productName = FirebaseCore;
		};
		7FC160FF2EDB2ABC009B14F4 /* FirebaseAuth */ = {
			isa = XCSwiftPackageProductDependency;
			package = 7FC160FB2EDB27D5009B14F4 /* XCRemoteSwiftPackageReference "firebase-ios-sdk" */;
			productName = FirebaseAuth;
		};
		7FC161012EDB2AD6009B14F4 /* FirebaseFirestore */ = {
			isa = XCSwiftPackageProductDependency;
			package = 7FC160FB2EDB27D5009B14F4 /* XCRemoteSwiftPackageReference "firebase-ios-sdk" */;
			productName = FirebaseFirestore;
		};
/* End XCSwiftPackageProductDependency section */
	};
	rootObject = 7FC160D92EDB15FF009B14F4 /* Project object */;
}
